{
  "originHash" : "f454edd735338b7d3dbdd14ebc214f1f5e7e87ce9da8df5c664b931cad048953",
  "pins" : [
    {
      "identity" : "alamofire",
      "kind" : "remoteSourceControl",
      "location" : "https://github.com/Alamofire/Alamofire.git",
      "state" : {
        "revision" : "f455c2975872ccd2d9c81594c658af65716e9b9a",
        "version" : "5.9.1"
      }
    },
    {
      "identity" : "ccommoncrypto",
      "kind" : "remoteSourceControl",
      "location" : "https://github.com/jernejstrasner/CCommonCrypto.git",
      "state" : {
        "revision" : "0530a4637e4a3728f6d5f23199a2f6e4f56c126d",
        "version" : "1.1.0"
      }
    },
    {
      "identity" : "factory",
      "kind" : "remoteSourceControl",
      "location" : "https://github.com/hmlongco/Factory.git",
      "state" : {
        "revision" : "587995f7d5cc667951d635fbf6b4252324ba0439",
        "version" : "2.3.2"
      }
    },
    {
      "identity" : "kingfisher",
      "kind" : "remoteSourceControl",
      "location" : "https://github.com/onevcat/Kingfisher.git",
      "state" : {
        "revision" : "2ef543ee21d63734e1c004ad6c870255e8716c50",
        "version" : "7.12.0"
      }
    },
    {
      "identity" : "linknavigator",
      "kind" : "remoteSourceControl",
      "location" : "https://github.com/interactord/LinkNavigator.git",
      "state" : {
        "revision" : "61d740d26dbde1350a53342df0791e0a90a112b9",
        "version" : "1.2.6"
      }
    },
    {
      "identity" : "then",
      "kind" : "remoteSourceControl",
      "location" : "https://github.com/devxoul/Then",
      "state" : {
        "revision" : "d41ef523faef0f911369f79c0b96815d9dbb6d7a",
        "version" : "3.0.0"
      }
    },
    {
      "identity" : "urlencodedform",
      "kind" : "remoteSourceControl",
      "location" : "https://github.com/interactord/URLEncodedForm",
      "state" : {
        "revision" : "cd690e95f0df333293ec3f9fa9c2c7322ef54bbf",
        "version" : "1.0.9"
      }
    }
  ],
  "version" : 3
}
