{
  "originHash" : "60757e3e8496c90b12d6354fa8f9849b7b181f161a365209daf33c3e2e29a9fc",
  "pins" : [
    {
      "identity" : "alamofire",
      "kind" : "remoteSourceControl",
      "location" : "https://github.com/Alamofire/Alamofire.git",
      "state" : {
        "revision" : "f455c2975872ccd2d9c81594c658af65716e9b9a",
        "version" : "5.9.1"
      }
    },
    {
      "identity" : "linknavigator",
      "kind" : "remoteSourceControl",
      "location" : "https://github.com/interactord/LinkNavigator.git",
      "state" : {
        "revision" : "61d740d26dbde1350a53342df0791e0a90a112b9",
        "version" : "1.2.6"
      }
    },
    {
      "identity" : "then",
      "kind" : "remoteSourceControl",
      "location" : "https://github.com/devxoul/Then",
      "state" : {
        "revision" : "d41ef523faef0f911369f79c0b96815d9dbb6d7a",
        "version" : "3.0.0"
      }
    },
    {
      "identity" : "urlencodedform",
      "kind" : "remoteSourceControl",
      "location" : "https://github.com/interactord/URLEncodedForm",
      "state" : {
        "revision" : "cd690e95f0df333293ec3f9fa9c2c7322ef54bbf",
        "version" : "1.0.9"
      }
    }
  ],
  "version" : 3
}
