// !$*UTF8*$!
{
	archiveVersion = 1;
	classes = {
	};
	objectVersion = 56;
	objects = {

/* Begin PBXBuildFile section */
		29B4CBBC2C7A4B7A00C22C1E /* CineStoreApp.swift in Sources */ = {isa = PBXBuildFile; fileRef = 29B4CBBB2C7A4B7A00C22C1E /* CineStoreApp.swift */; };
		29B4CBC22C7A4B7B00C22C1E /* Assets.xcassets in Resources */ = {isa = PBXBuildFile; fileRef = 29B4CBC12C7A4B7B00C22C1E /* Assets.xcassets */; };
		29B4CBC52C7A4B7B00C22C1E /* Preview Assets.xcassets in Resources */ = {isa = PBXBuildFile; fileRef = 29B4CBC42C7A4B7B00C22C1E /* Preview Assets.xcassets */; };
		29B4CBD92C7A4B7B00C22C1E /* CineStoreAppUITests.swift in Sources */ = {isa = PBXBuildFile; fileRef = 29B4CBD82C7A4B7B00C22C1E /* CineStoreAppUITests.swift */; };
		29B4CBDB2C7A4B7B00C22C1E /* CineStoreAppUITestsLaunchTests.swift in Sources */ = {isa = PBXBuildFile; fileRef = 29B4CBDA2C7A4B7B00C22C1E /* CineStoreAppUITestsLaunchTests.swift */; };
		29B4CBE92C7A52E300C22C1E /* LinkNavigator in Frameworks */ = {isa = PBXBuildFile; productRef = 29B4CBE82C7A52E300C22C1E /* LinkNavigator */; };
		29B4CBF02C7A5B5B00C22C1E /* MainScene.swift in Sources */ = {isa = PBXBuildFile; fileRef = 29B4CBEF2C7A5B5B00C22C1E /* MainScene.swift */; };
		29B4CBF42C7A5C0200C22C1E /* MainRouteView.swift in Sources */ = {isa = PBXBuildFile; fileRef = 29B4CBF32C7A5C0200C22C1E /* MainRouteView.swift */; };
		29B4CBF72C7A5C7100C22C1E /* NavigatorDependency.swift in Sources */ = {isa = PBXBuildFile; fileRef = 29B4CBF62C7A5C7100C22C1E /* NavigatorDependency.swift */; };
		29B4CBF92C7A5CC600C22C1E /* AppRoutes.swift in Sources */ = {isa = PBXBuildFile; fileRef = 29B4CBF82C7A5CC600C22C1E /* AppRoutes.swift */; };
		29B4CBFC2C7A5DB900C22C1E /* MainRouteGroup.swift in Sources */ = {isa = PBXBuildFile; fileRef = 29B4CBFB2C7A5DB900C22C1E /* MainRouteGroup.swift */; };
		29B4CBFE2C7A5E2E00C22C1E /* MainRouteBuilders.swift in Sources */ = {isa = PBXBuildFile; fileRef = 29B4CBFD2C7A5E2E00C22C1E /* MainRouteBuilders.swift */; };
		29B4CC002C7A5E7100C22C1E /* TabBarItemType.swift in Sources */ = {isa = PBXBuildFile; fileRef = 29B4CBFF2C7A5E7100C22C1E /* TabBarItemType.swift */; };
		29B4CC042C7A6AFE00C22C1E /* FavoriteMovie.swift in Sources */ = {isa = PBXBuildFile; fileRef = 29B4CC032C7A6AFE00C22C1E /* FavoriteMovie.swift */; };
		29B4CC072C7A6C5B00C22C1E /* TopRatedMoviesScreen.swift in Sources */ = {isa = PBXBuildFile; fileRef = 29B4CC062C7A6C5B00C22C1E /* TopRatedMoviesScreen.swift */; };
		29B4CC092C7A6C7400C22C1E /* NowPlayingMoviesScreen.swift in Sources */ = {isa = PBXBuildFile; fileRef = 29B4CC082C7A6C7400C22C1E /* NowPlayingMoviesScreen.swift */; };
		29B4CC0B2C7A6C8800C22C1E /* FavoriteMoviesScreen.swift in Sources */ = {isa = PBXBuildFile; fileRef = 29B4CC0A2C7A6C8800C22C1E /* FavoriteMoviesScreen.swift */; };
		29B4CC0E2C7A925600C22C1E /* UIAppearanceManager.swift in Sources */ = {isa = PBXBuildFile; fileRef = 29B4CC0D2C7A925600C22C1E /* UIAppearanceManager.swift */; };
		29B4CC112C7A94C100C22C1E /* Then in Frameworks */ = {isa = PBXBuildFile; productRef = 29B4CC102C7A94C100C22C1E /* Then */; };
		29B4CC142C7A9A3000C22C1E /* BaseContentView.swift in Sources */ = {isa = PBXBuildFile; fileRef = 29B4CC132C7A9A3000C22C1E /* BaseContentView.swift */; };
		29B4CC162C7A9A6900C22C1E /* LoadingView.swift in Sources */ = {isa = PBXBuildFile; fileRef = 29B4CC152C7A9A6900C22C1E /* LoadingView.swift */; };
		29B4CC182C7A9AC700C22C1E /* ActivityIndicator.swift in Sources */ = {isa = PBXBuildFile; fileRef = 29B4CC172C7A9AC700C22C1E /* ActivityIndicator.swift */; };
		29B4CC1C2C7AA36F00C22C1E /* UIAppearanceManagerTests.swift in Sources */ = {isa = PBXBuildFile; fileRef = 29B4CC1B2C7AA36F00C22C1E /* UIAppearanceManagerTests.swift */; };
		29B4CC1F2C7AA60A00C22C1E /* NavigationComponentMock.swift in Sources */ = {isa = PBXBuildFile; fileRef = 29B4CC1E2C7AA60A00C22C1E /* NavigationComponentMock.swift */; };
		29B4CC232C7B90B500C22C1E /* Movie.swift in Sources */ = {isa = PBXBuildFile; fileRef = 29B4CC222C7B90B500C22C1E /* Movie.swift */; };
		29B4CC282C7B918B00C22C1E /* GlobalConfig.swift in Sources */ = {isa = PBXBuildFile; fileRef = 29B4CC272C7B918B00C22C1E /* GlobalConfig.swift */; };
		29B4CC302C7BA10200C22C1E /* APIClient.swift in Sources */ = {isa = PBXBuildFile; fileRef = 29B4CC2F2C7BA10200C22C1E /* APIClient.swift */; };
		29B4CC322C7BA11900C22C1E /* APIError.swift in Sources */ = {isa = PBXBuildFile; fileRef = 29B4CC312C7BA11900C22C1E /* APIError.swift */; };
		29B4CC342C7BA27E00C22C1E /* MockUrlProtocol.swift in Sources */ = {isa = PBXBuildFile; fileRef = 29B4CC332C7BA27E00C22C1E /* MockUrlProtocol.swift */; };
		29B4CC362C7BA88800C22C1E /* APIClientTests.swift in Sources */ = {isa = PBXBuildFile; fileRef = 29B4CC352C7BA88800C22C1E /* APIClientTests.swift */; };
		29B4CC392C7BAC0D00C22C1E /* Alamofire in Frameworks */ = {isa = PBXBuildFile; productRef = 29B4CC382C7BAC0D00C22C1E /* Alamofire */; };
		29B4CC3C2C7BCE5100C22C1E /* MovieBDAPIProtocol.swift in Sources */ = {isa = PBXBuildFile; fileRef = 29B4CC3B2C7BCE5100C22C1E /* MovieBDAPIProtocol.swift */; };
		29B4CC3E2C7BCE8B00C22C1E /* MovieDBAPI.swift in Sources */ = {isa = PBXBuildFile; fileRef = 29B4CC3D2C7BCE8B00C22C1E /* MovieDBAPI.swift */; };
		29B4CC412C7BD12700C22C1E /* MockMovieDBAPI.swift in Sources */ = {isa = PBXBuildFile; fileRef = 29B4CC402C7BD12700C22C1E /* MockMovieDBAPI.swift */; };
		29B4CC432C7BD17600C22C1E /* MovieDBAPITests.swift in Sources */ = {isa = PBXBuildFile; fileRef = 29B4CC422C7BD17600C22C1E /* MovieDBAPITests.swift */; };
		29B4CC472C7C149300C22C1E /* Publisher+Extension.swift in Sources */ = {isa = PBXBuildFile; fileRef = 29B4CC462C7C149300C22C1E /* Publisher+Extension.swift */; };
		29B4CC4A2C7C1D8400C22C1E /* Factory in Frameworks */ = {isa = PBXBuildFile; productRef = 29B4CC492C7C1D8400C22C1E /* Factory */; };
		29B4CC4D2C7C1FDA00C22C1E /* MovieUseCaseProtocol.swift in Sources */ = {isa = PBXBuildFile; fileRef = 29B4CC4C2C7C1FDA00C22C1E /* MovieUseCaseProtocol.swift */; };
		29B4CC502C7C20B100C22C1E /* MovieRepositoryProtocol.swift in Sources */ = {isa = PBXBuildFile; fileRef = 29B4CC4F2C7C20B100C22C1E /* MovieRepositoryProtocol.swift */; };
		29B4CC532C7C219E00C22C1E /* Repository+DI.swift in Sources */ = {isa = PBXBuildFile; fileRef = 29B4CC522C7C219E00C22C1E /* Repository+DI.swift */; };
		29B4CC552C7C21B700C22C1E /* UseCase+DI.swift in Sources */ = {isa = PBXBuildFile; fileRef = 29B4CC542C7C21B700C22C1E /* UseCase+DI.swift */; };
		29B4CC572C7C223100C22C1E /* MovieRepository.swift in Sources */ = {isa = PBXBuildFile; fileRef = 29B4CC562C7C223100C22C1E /* MovieRepository.swift */; };
		29B4CC592C7C24E600C22C1E /* MovieDBAPI+DI.swift in Sources */ = {isa = PBXBuildFile; fileRef = 29B4CC582C7C24E600C22C1E /* MovieDBAPI+DI.swift */; };
		29B4CC5B2C7C2B4E00C22C1E /* RepositoryError.swift in Sources */ = {isa = PBXBuildFile; fileRef = 29B4CC5A2C7C2B4E00C22C1E /* RepositoryError.swift */; };
		29B4CC5F2C7C427600C22C1E /* MovieRepositoryTests.swift in Sources */ = {isa = PBXBuildFile; fileRef = 29B4CC5E2C7C427600C22C1E /* MovieRepositoryTests.swift */; };
		29B4CC612C7C574E00C22C1E /* MovieUseCase.swift in Sources */ = {isa = PBXBuildFile; fileRef = 29B4CC602C7C574E00C22C1E /* MovieUseCase.swift */; };
		29B4CC632C7C58FF00C22C1E /* MockMovieRepository.swift in Sources */ = {isa = PBXBuildFile; fileRef = 29B4CC622C7C58FF00C22C1E /* MockMovieRepository.swift */; };
		29B4CC652C7C597300C22C1E /* MovieUseCaseTests.swift in Sources */ = {isa = PBXBuildFile; fileRef = 29B4CC642C7C597300C22C1E /* MovieUseCaseTests.swift */; };
		29B4CC6D2C7C5CBC00C22C1E /* TopRatedMoviesViewModel.swift in Sources */ = {isa = PBXBuildFile; fileRef = 29B4CC6C2C7C5CBC00C22C1E /* TopRatedMoviesViewModel.swift */; };
		29B4CC702C7C5D9200C22C1E /* ViewModelProtocol.swift in Sources */ = {isa = PBXBuildFile; fileRef = 29B4CC6F2C7C5D9200C22C1E /* ViewModelProtocol.swift */; };
		29B4CC732C7C5DF100C22C1E /* CancelBag.swift in Sources */ = {isa = PBXBuildFile; fileRef = 29B4CC722C7C5DF100C22C1E /* CancelBag.swift */; };
		29B4CC752C7C5FB700C22C1E /* ListItemProtocol.swift in Sources */ = {isa = PBXBuildFile; fileRef = 29B4CC742C7C5FB700C22C1E /* ListItemProtocol.swift */; };
		29B4CC772C7C62C500C22C1E /* ActivityTracker.swift in Sources */ = {isa = PBXBuildFile; fileRef = 29B4CC762C7C62C500C22C1E /* ActivityTracker.swift */; };
		29B4CC792C7C643500C22C1E /* Unwrap.swift in Sources */ = {isa = PBXBuildFile; fileRef = 29B4CC782C7C643500C22C1E /* Unwrap.swift */; };
		29B4CC7B2C7C680C00C22C1E /* MockMovieUseCase.swift in Sources */ = {isa = PBXBuildFile; fileRef = 29B4CC7A2C7C680C00C22C1E /* MockMovieUseCase.swift */; };
		29B4CC7E2C7C688900C22C1E /* TopRatedMoviesViewModelTests.swift in Sources */ = {isa = PBXBuildFile; fileRef = 29B4CC7D2C7C688900C22C1E /* TopRatedMoviesViewModelTests.swift */; };
		29B4CC802C7C718500C22C1E /* VerticalCardItem.swift in Sources */ = {isa = PBXBuildFile; fileRef = 29B4CC7F2C7C718500C22C1E /* VerticalCardItem.swift */; };
		29B4CC852C7C72A100C22C1E /* Kingfisher in Frameworks */ = {isa = PBXBuildFile; productRef = 29B4CC842C7C72A100C22C1E /* Kingfisher */; };
		29B4CC882C7CD8C800C22C1E /* Movie+Listitem.swift in Sources */ = {isa = PBXBuildFile; fileRef = 29B4CC872C7CD8C800C22C1E /* Movie+Listitem.swift */; };
		29B4CC8A2C7CDB1A00C22C1E /* String+Extension.swift in Sources */ = {isa = PBXBuildFile; fileRef = 29B4CC892C7CDB1A00C22C1E /* String+Extension.swift */; };
		29B4CC8D2C7CDB9D00C22C1E /* StringExtensionTests.swift in Sources */ = {isa = PBXBuildFile; fileRef = 29B4CC8C2C7CDB9D00C22C1E /* StringExtensionTests.swift */; };
		29B4CC902C7CE55F00C22C1E /* NowPlayingMoviesViewModel.swift in Sources */ = {isa = PBXBuildFile; fileRef = 29B4CC8F2C7CE55F00C22C1E /* NowPlayingMoviesViewModel.swift */; };
		29B4CC942C7CF67100C22C1E /* RemoteImageView.swift in Sources */ = {isa = PBXBuildFile; fileRef = 29B4CC932C7CF67100C22C1E /* RemoteImageView.swift */; };
		29B4CC972C7D19FE00C22C1E /* Date+Extension.swift in Sources */ = {isa = PBXBuildFile; fileRef = 29B4CC962C7D19FE00C22C1E /* Date+Extension.swift */; };
		29B4CC992C7D1A2E00C22C1E /* DateExtensionTests.swift in Sources */ = {isa = PBXBuildFile; fileRef = 29B4CC982C7D1A2E00C22C1E /* DateExtensionTests.swift */; };
		29B4CC9B2C7D1B4700C22C1E /* NowPlayingMoviesViewModelTests.swift in Sources */ = {isa = PBXBuildFile; fileRef = 29B4CC9A2C7D1B4700C22C1E /* NowPlayingMoviesViewModelTests.swift */; };
/* End PBXBuildFile section */

/* Begin PBXContainerItemProxy section */
		29B4CBCB2C7A4B7B00C22C1E /* PBXContainerItemProxy */ = {
			isa = PBXContainerItemProxy;
			containerPortal = 29B4CBB02C7A4B7A00C22C1E /* Project object */;
			proxyType = 1;
			remoteGlobalIDString = 29B4CBB72C7A4B7A00C22C1E;
			remoteInfo = CineStoreApp;
		};
		29B4CBD52C7A4B7B00C22C1E /* PBXContainerItemProxy */ = {
			isa = PBXContainerItemProxy;
			containerPortal = 29B4CBB02C7A4B7A00C22C1E /* Project object */;
			proxyType = 1;
			remoteGlobalIDString = 29B4CBB72C7A4B7A00C22C1E;
			remoteInfo = CineStoreApp;
		};
/* End PBXContainerItemProxy section */

/* Begin PBXFileReference section */
		29B4CBB82C7A4B7A00C22C1E /* CineStoreApp.app */ = {isa = PBXFileReference; explicitFileType = wrapper.application; includeInIndex = 0; path = CineStoreApp.app; sourceTree = BUILT_PRODUCTS_DIR; };
		29B4CBBB2C7A4B7A00C22C1E /* CineStoreApp.swift */ = {isa = PBXFileReference; lastKnownFileType = sourcecode.swift; path = CineStoreApp.swift; sourceTree = "<group>"; };
		29B4CBC12C7A4B7B00C22C1E /* Assets.xcassets */ = {isa = PBXFileReference; lastKnownFileType = folder.assetcatalog; path = Assets.xcassets; sourceTree = "<group>"; };
		29B4CBC42C7A4B7B00C22C1E /* Preview Assets.xcassets */ = {isa = PBXFileReference; lastKnownFileType = folder.assetcatalog; path = "Preview Assets.xcassets"; sourceTree = "<group>"; };
		29B4CBCA2C7A4B7B00C22C1E /* CineStoreAppTests.xctest */ = {isa = PBXFileReference; explicitFileType = wrapper.cfbundle; includeInIndex = 0; path = CineStoreAppTests.xctest; sourceTree = BUILT_PRODUCTS_DIR; };
		29B4CBD42C7A4B7B00C22C1E /* CineStoreAppUITests.xctest */ = {isa = PBXFileReference; explicitFileType = wrapper.cfbundle; includeInIndex = 0; path = CineStoreAppUITests.xctest; sourceTree = BUILT_PRODUCTS_DIR; };
		29B4CBD82C7A4B7B00C22C1E /* CineStoreAppUITests.swift */ = {isa = PBXFileReference; lastKnownFileType = sourcecode.swift; path = CineStoreAppUITests.swift; sourceTree = "<group>"; };
		29B4CBDA2C7A4B7B00C22C1E /* CineStoreAppUITestsLaunchTests.swift */ = {isa = PBXFileReference; lastKnownFileType = sourcecode.swift; path = CineStoreAppUITestsLaunchTests.swift; sourceTree = "<group>"; };
		29B4CBEF2C7A5B5B00C22C1E /* MainScene.swift */ = {isa = PBXFileReference; lastKnownFileType = sourcecode.swift; path = MainScene.swift; sourceTree = "<group>"; };
		29B4CBF32C7A5C0200C22C1E /* MainRouteView.swift */ = {isa = PBXFileReference; lastKnownFileType = sourcecode.swift; path = MainRouteView.swift; sourceTree = "<group>"; };
		29B4CBF62C7A5C7100C22C1E /* NavigatorDependency.swift */ = {isa = PBXFileReference; lastKnownFileType = sourcecode.swift; path = NavigatorDependency.swift; sourceTree = "<group>"; };
		29B4CBF82C7A5CC600C22C1E /* AppRoutes.swift */ = {isa = PBXFileReference; lastKnownFileType = sourcecode.swift; path = AppRoutes.swift; sourceTree = "<group>"; };
		29B4CBFB2C7A5DB900C22C1E /* MainRouteGroup.swift */ = {isa = PBXFileReference; lastKnownFileType = sourcecode.swift; path = MainRouteGroup.swift; sourceTree = "<group>"; };
		29B4CBFD2C7A5E2E00C22C1E /* MainRouteBuilders.swift */ = {isa = PBXFileReference; lastKnownFileType = sourcecode.swift; path = MainRouteBuilders.swift; sourceTree = "<group>"; };
		29B4CBFF2C7A5E7100C22C1E /* TabBarItemType.swift */ = {isa = PBXFileReference; lastKnownFileType = sourcecode.swift; path = TabBarItemType.swift; sourceTree = "<group>"; };
		29B4CC032C7A6AFE00C22C1E /* FavoriteMovie.swift */ = {isa = PBXFileReference; lastKnownFileType = sourcecode.swift; path = FavoriteMovie.swift; sourceTree = "<group>"; };
		29B4CC062C7A6C5B00C22C1E /* TopRatedMoviesScreen.swift */ = {isa = PBXFileReference; lastKnownFileType = sourcecode.swift; path = TopRatedMoviesScreen.swift; sourceTree = "<group>"; };
		29B4CC082C7A6C7400C22C1E /* NowPlayingMoviesScreen.swift */ = {isa = PBXFileReference; lastKnownFileType = sourcecode.swift; path = NowPlayingMoviesScreen.swift; sourceTree = "<group>"; };
		29B4CC0A2C7A6C8800C22C1E /* FavoriteMoviesScreen.swift */ = {isa = PBXFileReference; lastKnownFileType = sourcecode.swift; path = FavoriteMoviesScreen.swift; sourceTree = "<group>"; };
		29B4CC0D2C7A925600C22C1E /* UIAppearanceManager.swift */ = {isa = PBXFileReference; lastKnownFileType = sourcecode.swift; path = UIAppearanceManager.swift; sourceTree = "<group>"; };
		29B4CC132C7A9A3000C22C1E /* BaseContentView.swift */ = {isa = PBXFileReference; lastKnownFileType = sourcecode.swift; path = BaseContentView.swift; sourceTree = "<group>"; };
		29B4CC152C7A9A6900C22C1E /* LoadingView.swift */ = {isa = PBXFileReference; lastKnownFileType = sourcecode.swift; path = LoadingView.swift; sourceTree = "<group>"; };
		29B4CC172C7A9AC700C22C1E /* ActivityIndicator.swift */ = {isa = PBXFileReference; lastKnownFileType = sourcecode.swift; path = ActivityIndicator.swift; sourceTree = "<group>"; };
		29B4CC1B2C7AA36F00C22C1E /* UIAppearanceManagerTests.swift */ = {isa = PBXFileReference; lastKnownFileType = sourcecode.swift; path = UIAppearanceManagerTests.swift; sourceTree = "<group>"; };
		29B4CC1E2C7AA60A00C22C1E /* NavigationComponentMock.swift */ = {isa = PBXFileReference; lastKnownFileType = sourcecode.swift; path = NavigationComponentMock.swift; sourceTree = "<group>"; };
		29B4CC222C7B90B500C22C1E /* Movie.swift */ = {isa = PBXFileReference; lastKnownFileType = sourcecode.swift; path = Movie.swift; sourceTree = "<group>"; };
		29B4CC272C7B918B00C22C1E /* GlobalConfig.swift */ = {isa = PBXFileReference; lastKnownFileType = sourcecode.swift; path = GlobalConfig.swift; sourceTree = "<group>"; };
		29B4CC2F2C7BA10200C22C1E /* APIClient.swift */ = {isa = PBXFileReference; lastKnownFileType = sourcecode.swift; path = APIClient.swift; sourceTree = "<group>"; };
		29B4CC312C7BA11900C22C1E /* APIError.swift */ = {isa = PBXFileReference; lastKnownFileType = sourcecode.swift; path = APIError.swift; sourceTree = "<group>"; };
		29B4CC332C7BA27E00C22C1E /* MockUrlProtocol.swift */ = {isa = PBXFileReference; lastKnownFileType = sourcecode.swift; path = MockUrlProtocol.swift; sourceTree = "<group>"; };
		29B4CC352C7BA88800C22C1E /* APIClientTests.swift */ = {isa = PBXFileReference; lastKnownFileType = sourcecode.swift; path = APIClientTests.swift; sourceTree = "<group>"; };
		29B4CC3B2C7BCE5100C22C1E /* MovieBDAPIProtocol.swift */ = {isa = PBXFileReference; lastKnownFileType = sourcecode.swift; path = MovieBDAPIProtocol.swift; sourceTree = "<group>"; };
		29B4CC3D2C7BCE8B00C22C1E /* MovieDBAPI.swift */ = {isa = PBXFileReference; lastKnownFileType = sourcecode.swift; path = MovieDBAPI.swift; sourceTree = "<group>"; };
		29B4CC402C7BD12700C22C1E /* MockMovieDBAPI.swift */ = {isa = PBXFileReference; lastKnownFileType = sourcecode.swift; path = MockMovieDBAPI.swift; sourceTree = "<group>"; };
		29B4CC422C7BD17600C22C1E /* MovieDBAPITests.swift */ = {isa = PBXFileReference; lastKnownFileType = sourcecode.swift; path = MovieDBAPITests.swift; sourceTree = "<group>"; };
		29B4CC462C7C149300C22C1E /* Publisher+Extension.swift */ = {isa = PBXFileReference; lastKnownFileType = sourcecode.swift; path = "Publisher+Extension.swift"; sourceTree = "<group>"; };
		29B4CC4C2C7C1FDA00C22C1E /* MovieUseCaseProtocol.swift */ = {isa = PBXFileReference; lastKnownFileType = sourcecode.swift; path = MovieUseCaseProtocol.swift; sourceTree = "<group>"; };
		29B4CC4F2C7C20B100C22C1E /* MovieRepositoryProtocol.swift */ = {isa = PBXFileReference; lastKnownFileType = sourcecode.swift; path = MovieRepositoryProtocol.swift; sourceTree = "<group>"; };
		29B4CC522C7C219E00C22C1E /* Repository+DI.swift */ = {isa = PBXFileReference; lastKnownFileType = sourcecode.swift; path = "Repository+DI.swift"; sourceTree = "<group>"; };
		29B4CC542C7C21B700C22C1E /* UseCase+DI.swift */ = {isa = PBXFileReference; lastKnownFileType = sourcecode.swift; path = "UseCase+DI.swift"; sourceTree = "<group>"; };
		29B4CC562C7C223100C22C1E /* MovieRepository.swift */ = {isa = PBXFileReference; lastKnownFileType = sourcecode.swift; path = MovieRepository.swift; sourceTree = "<group>"; };
		29B4CC582C7C24E600C22C1E /* MovieDBAPI+DI.swift */ = {isa = PBXFileReference; lastKnownFileType = sourcecode.swift; path = "MovieDBAPI+DI.swift"; sourceTree = "<group>"; };
		29B4CC5A2C7C2B4E00C22C1E /* RepositoryError.swift */ = {isa = PBXFileReference; lastKnownFileType = sourcecode.swift; path = RepositoryError.swift; sourceTree = "<group>"; };
		29B4CC5E2C7C427600C22C1E /* MovieRepositoryTests.swift */ = {isa = PBXFileReference; lastKnownFileType = sourcecode.swift; path = MovieRepositoryTests.swift; sourceTree = "<group>"; };
		29B4CC602C7C574E00C22C1E /* MovieUseCase.swift */ = {isa = PBXFileReference; lastKnownFileType = sourcecode.swift; path = MovieUseCase.swift; sourceTree = "<group>"; };
		29B4CC622C7C58FF00C22C1E /* MockMovieRepository.swift */ = {isa = PBXFileReference; lastKnownFileType = sourcecode.swift; path = MockMovieRepository.swift; sourceTree = "<group>"; };
		29B4CC642C7C597300C22C1E /* MovieUseCaseTests.swift */ = {isa = PBXFileReference; lastKnownFileType = sourcecode.swift; path = MovieUseCaseTests.swift; sourceTree = "<group>"; };
		29B4CC6C2C7C5CBC00C22C1E /* TopRatedMoviesViewModel.swift */ = {isa = PBXFileReference; lastKnownFileType = sourcecode.swift; path = TopRatedMoviesViewModel.swift; sourceTree = "<group>"; };
		29B4CC6F2C7C5D9200C22C1E /* ViewModelProtocol.swift */ = {isa = PBXFileReference; lastKnownFileType = sourcecode.swift; path = ViewModelProtocol.swift; sourceTree = "<group>"; };
		29B4CC722C7C5DF100C22C1E /* CancelBag.swift */ = {isa = PBXFileReference; lastKnownFileType = sourcecode.swift; path = CancelBag.swift; sourceTree = "<group>"; };
		29B4CC742C7C5FB700C22C1E /* ListItemProtocol.swift */ = {isa = PBXFileReference; lastKnownFileType = sourcecode.swift; path = ListItemProtocol.swift; sourceTree = "<group>"; };
		29B4CC762C7C62C500C22C1E /* ActivityTracker.swift */ = {isa = PBXFileReference; lastKnownFileType = sourcecode.swift; path = ActivityTracker.swift; sourceTree = "<group>"; };
		29B4CC782C7C643500C22C1E /* Unwrap.swift */ = {isa = PBXFileReference; lastKnownFileType = sourcecode.swift; path = Unwrap.swift; sourceTree = "<group>"; };
		29B4CC7A2C7C680C00C22C1E /* MockMovieUseCase.swift */ = {isa = PBXFileReference; lastKnownFileType = sourcecode.swift; path = MockMovieUseCase.swift; sourceTree = "<group>"; };
		29B4CC7D2C7C688900C22C1E /* TopRatedMoviesViewModelTests.swift */ = {isa = PBXFileReference; lastKnownFileType = sourcecode.swift; path = TopRatedMoviesViewModelTests.swift; sourceTree = "<group>"; };
		29B4CC7F2C7C718500C22C1E /* VerticalCardItem.swift */ = {isa = PBXFileReference; lastKnownFileType = sourcecode.swift; path = VerticalCardItem.swift; sourceTree = "<group>"; };
		29B4CC872C7CD8C800C22C1E /* Movie+Listitem.swift */ = {isa = PBXFileReference; lastKnownFileType = sourcecode.swift; path = "Movie+Listitem.swift"; sourceTree = "<group>"; };
		29B4CC892C7CDB1A00C22C1E /* String+Extension.swift */ = {isa = PBXFileReference; lastKnownFileType = sourcecode.swift; path = "String+Extension.swift"; sourceTree = "<group>"; };
		29B4CC8C2C7CDB9D00C22C1E /* StringExtensionTests.swift */ = {isa = PBXFileReference; lastKnownFileType = sourcecode.swift; path = StringExtensionTests.swift; sourceTree = "<group>"; };
		29B4CC8F2C7CE55F00C22C1E /* NowPlayingMoviesViewModel.swift */ = {isa = PBXFileReference; lastKnownFileType = sourcecode.swift; path = NowPlayingMoviesViewModel.swift; sourceTree = "<group>"; };
		29B4CC932C7CF67100C22C1E /* RemoteImageView.swift */ = {isa = PBXFileReference; lastKnownFileType = sourcecode.swift; path = RemoteImageView.swift; sourceTree = "<group>"; };
		29B4CC962C7D19FE00C22C1E /* Date+Extension.swift */ = {isa = PBXFileReference; lastKnownFileType = sourcecode.swift; path = "Date+Extension.swift"; sourceTree = "<group>"; };
		29B4CC982C7D1A2E00C22C1E /* DateExtensionTests.swift */ = {isa = PBXFileReference; lastKnownFileType = sourcecode.swift; path = DateExtensionTests.swift; sourceTree = "<group>"; };
		29B4CC9A2C7D1B4700C22C1E /* NowPlayingMoviesViewModelTests.swift */ = {isa = PBXFileReference; lastKnownFileType = sourcecode.swift; path = NowPlayingMoviesViewModelTests.swift; sourceTree = "<group>"; };
/* End PBXFileReference section */

/* Begin PBXFrameworksBuildPhase section */
		29B4CBB52C7A4B7A00C22C1E /* Frameworks */ = {
			isa = PBXFrameworksBuildPhase;
			buildActionMask = 2147483647;
			files = (
				29B4CC392C7BAC0D00C22C1E /* Alamofire in Frameworks */,
				29B4CBE92C7A52E300C22C1E /* LinkNavigator in Frameworks */,
				29B4CC112C7A94C100C22C1E /* Then in Frameworks */,
				29B4CC4A2C7C1D8400C22C1E /* Factory in Frameworks */,
				29B4CC852C7C72A100C22C1E /* Kingfisher in Frameworks */,
			);
			runOnlyForDeploymentPostprocessing = 0;
		};
		29B4CBC72C7A4B7B00C22C1E /* Frameworks */ = {
			isa = PBXFrameworksBuildPhase;
			buildActionMask = 2147483647;
			files = (
			);
			runOnlyForDeploymentPostprocessing = 0;
		};
		29B4CBD12C7A4B7B00C22C1E /* Frameworks */ = {
			isa = PBXFrameworksBuildPhase;
			buildActionMask = 2147483647;
			files = (
			);
			runOnlyForDeploymentPostprocessing = 0;
		};
/* End PBXFrameworksBuildPhase section */

/* Begin PBXGroup section */
		29B4CBAF2C7A4B7A00C22C1E = {
			isa = PBXGroup;
			children = (
				29B4CBBA2C7A4B7A00C22C1E /* CineStoreApp */,
				29B4CBCD2C7A4B7B00C22C1E /* CineStoreAppTests */,
				29B4CBD72C7A4B7B00C22C1E /* CineStoreAppUITests */,
				29B4CBB92C7A4B7A00C22C1E /* Products */,
			);
			sourceTree = "<group>";
		};
		29B4CBB92C7A4B7A00C22C1E /* Products */ = {
			isa = PBXGroup;
			children = (
				29B4CBB82C7A4B7A00C22C1E /* CineStoreApp.app */,
				29B4CBCA2C7A4B7B00C22C1E /* CineStoreAppTests.xctest */,
				29B4CBD42C7A4B7B00C22C1E /* CineStoreAppUITests.xctest */,
			);
			name = Products;
			sourceTree = "<group>";
		};
		29B4CBBA2C7A4B7A00C22C1E /* CineStoreApp */ = {
			isa = PBXGroup;
			children = (
				29B4CC712C7C5DE700C22C1E /* Utils */,
				29B4CC452C7C145300C22C1E /* Extensions */,
				29B4CC242C7B90E900C22C1E /* Configuration */,
				29B4CBEC2C7A590A00C22C1E /* Data */,
				29B4CBEB2C7A590200C22C1E /* Domain */,
				29B4CBEA2C7A58FA00C22C1E /* Presentation */,
				29B4CBBB2C7A4B7A00C22C1E /* CineStoreApp.swift */,
				29B4CBC12C7A4B7B00C22C1E /* Assets.xcassets */,
				29B4CBC32C7A4B7B00C22C1E /* Preview Content */,
			);
			path = CineStoreApp;
			sourceTree = "<group>";
		};
		29B4CBC32C7A4B7B00C22C1E /* Preview Content */ = {
			isa = PBXGroup;
			children = (
				29B4CBC42C7A4B7B00C22C1E /* Preview Assets.xcassets */,
			);
			path = "Preview Content";
			sourceTree = "<group>";
		};
		29B4CBCD2C7A4B7B00C22C1E /* CineStoreAppTests */ = {
			isa = PBXGroup;
			children = (
				29B4CC7C2C7C685400C22C1E /* ViewModels */,
				29B4CC5D2C7C405F00C22C1E /* Repositories */,
				29B4CC5C2C7C404D00C22C1E /* UseCases */,
				29B4CC3F2C7BD10100C22C1E /* MovieDBAPI */,
				29B4CC292C7BA06A00C22C1E /* Networking */,
				29B4CC1A2C7AA35100C22C1E /* Common */,
			);
			path = CineStoreAppTests;
			sourceTree = "<group>";
		};
		29B4CBD72C7A4B7B00C22C1E /* CineStoreAppUITests */ = {
			isa = PBXGroup;
			children = (
				29B4CBD82C7A4B7B00C22C1E /* CineStoreAppUITests.swift */,
				29B4CBDA2C7A4B7B00C22C1E /* CineStoreAppUITestsLaunchTests.swift */,
			);
			path = CineStoreAppUITests;
			sourceTree = "<group>";
		};
		29B4CBEA2C7A58FA00C22C1E /* Presentation */ = {
			isa = PBXGroup;
			children = (
				29B4CC862C7CD8AC00C22C1E /* Adapters */,
				29B4CC6E2C7C5D6200C22C1E /* Common */,
				29B4CC122C7A990700C22C1E /* Components */,
				29B4CC0C2C7A920A00C22C1E /* Theme */,
				29B4CC052C7A6BC800C22C1E /* Screens */,
				29B4CBF12C7A5BEC00C22C1E /* Navigation */,
				29B4CBEF2C7A5B5B00C22C1E /* MainScene.swift */,
			);
			path = Presentation;
			sourceTree = "<group>";
		};
		29B4CBEB2C7A590200C22C1E /* Domain */ = {
			isa = PBXGroup;
			children = (
				29B4CC4E2C7C209C00C22C1E /* Repository */,
				29B4CC4B2C7C1FBC00C22C1E /* UseCase */,
				29B4CC012C7A6A5000C22C1E /* Entities */,
			);
			path = Domain;
			sourceTree = "<group>";
		};
		29B4CBEC2C7A590A00C22C1E /* Data */ = {
			isa = PBXGroup;
			children = (
				29B4CC202C7B894A00C22C1E /* DataSource */,
			);
			path = Data;
			sourceTree = "<group>";
		};
		29B4CBF12C7A5BEC00C22C1E /* Navigation */ = {
			isa = PBXGroup;
			children = (
				29B4CBFA2C7A5D5900C22C1E /* Main */,
				29B4CBF52C7A5C2300C22C1E /* Navigator */,
			);
			path = Navigation;
			sourceTree = "<group>";
		};
		29B4CBF52C7A5C2300C22C1E /* Navigator */ = {
			isa = PBXGroup;
			children = (
				29B4CBF62C7A5C7100C22C1E /* NavigatorDependency.swift */,
				29B4CBF82C7A5CC600C22C1E /* AppRoutes.swift */,
			);
			path = Navigator;
			sourceTree = "<group>";
		};
		29B4CBFA2C7A5D5900C22C1E /* Main */ = {
			isa = PBXGroup;
			children = (
				29B4CBFB2C7A5DB900C22C1E /* MainRouteGroup.swift */,
				29B4CBFD2C7A5E2E00C22C1E /* MainRouteBuilders.swift */,
				29B4CBFF2C7A5E7100C22C1E /* TabBarItemType.swift */,
				29B4CBF32C7A5C0200C22C1E /* MainRouteView.swift */,
			);
			path = Main;
			sourceTree = "<group>";
		};
		29B4CC012C7A6A5000C22C1E /* Entities */ = {
			isa = PBXGroup;
			children = (
				29B4CC032C7A6AFE00C22C1E /* FavoriteMovie.swift */,
				29B4CC222C7B90B500C22C1E /* Movie.swift */,
			);
			path = Entities;
			sourceTree = "<group>";
		};
		29B4CC052C7A6BC800C22C1E /* Screens */ = {
			isa = PBXGroup;
			children = (
				29B4CC952C7CFCB900C22C1E /* MovieDetail */,
				29B4CC8E2C7CE36600C22C1E /* NowPlayingMovies */,
				29B4CC6B2C7C5C9D00C22C1E /* TopRatedMovies */,
				29B4CC0A2C7A6C8800C22C1E /* FavoriteMoviesScreen.swift */,
			);
			path = Screens;
			sourceTree = "<group>";
		};
		29B4CC0C2C7A920A00C22C1E /* Theme */ = {
			isa = PBXGroup;
			children = (
				29B4CC0D2C7A925600C22C1E /* UIAppearanceManager.swift */,
			);
			path = Theme;
			sourceTree = "<group>";
		};
		29B4CC122C7A990700C22C1E /* Components */ = {
			isa = PBXGroup;
			children = (
				29B4CC132C7A9A3000C22C1E /* BaseContentView.swift */,
				29B4CC152C7A9A6900C22C1E /* LoadingView.swift */,
				29B4CC172C7A9AC700C22C1E /* ActivityIndicator.swift */,
				29B4CC7F2C7C718500C22C1E /* VerticalCardItem.swift */,
				29B4CC932C7CF67100C22C1E /* RemoteImageView.swift */,
			);
			path = Components;
			sourceTree = "<group>";
		};
		29B4CC1A2C7AA35100C22C1E /* Common */ = {
			isa = PBXGroup;
			children = (
				29B4CC8B2C7CDB7A00C22C1E /* Extensions */,
				29B4CC1D2C7AA5F000C22C1E /* AppearanceManager */,
			);
			path = Common;
			sourceTree = "<group>";
		};
		29B4CC1D2C7AA5F000C22C1E /* AppearanceManager */ = {
			isa = PBXGroup;
			children = (
				29B4CC1B2C7AA36F00C22C1E /* UIAppearanceManagerTests.swift */,
				29B4CC1E2C7AA60A00C22C1E /* NavigationComponentMock.swift */,
			);
			path = AppearanceManager;
			sourceTree = "<group>";
		};
		29B4CC202C7B894A00C22C1E /* DataSource */ = {
			isa = PBXGroup;
			children = (
				29B4CC3A2C7BCE3500C22C1E /* MovieDB */,
				29B4CC212C7B896200C22C1E /* Networking */,
			);
			path = DataSource;
			sourceTree = "<group>";
		};
		29B4CC212C7B896200C22C1E /* Networking */ = {
			isa = PBXGroup;
			children = (
				29B4CC2F2C7BA10200C22C1E /* APIClient.swift */,
				29B4CC312C7BA11900C22C1E /* APIError.swift */,
			);
			path = Networking;
			sourceTree = "<group>";
		};
		29B4CC242C7B90E900C22C1E /* Configuration */ = {
			isa = PBXGroup;
			children = (
				29B4CC272C7B918B00C22C1E /* GlobalConfig.swift */,
			);
			path = Configuration;
			sourceTree = "<group>";
		};
		29B4CC292C7BA06A00C22C1E /* Networking */ = {
			isa = PBXGroup;
			children = (
				29B4CC332C7BA27E00C22C1E /* MockUrlProtocol.swift */,
				29B4CC352C7BA88800C22C1E /* APIClientTests.swift */,
			);
			path = Networking;
			sourceTree = "<group>";
		};
		29B4CC3A2C7BCE3500C22C1E /* MovieDB */ = {
			isa = PBXGroup;
			children = (
				29B4CC3B2C7BCE5100C22C1E /* MovieBDAPIProtocol.swift */,
				29B4CC3D2C7BCE8B00C22C1E /* MovieDBAPI.swift */,
				29B4CC582C7C24E600C22C1E /* MovieDBAPI+DI.swift */,
			);
			path = MovieDB;
			sourceTree = "<group>";
		};
		29B4CC3F2C7BD10100C22C1E /* MovieDBAPI */ = {
			isa = PBXGroup;
			children = (
				29B4CC402C7BD12700C22C1E /* MockMovieDBAPI.swift */,
				29B4CC422C7BD17600C22C1E /* MovieDBAPITests.swift */,
			);
			path = MovieDBAPI;
			sourceTree = "<group>";
		};
		29B4CC452C7C145300C22C1E /* Extensions */ = {
			isa = PBXGroup;
			children = (
				29B4CC462C7C149300C22C1E /* Publisher+Extension.swift */,
				29B4CC892C7CDB1A00C22C1E /* String+Extension.swift */,
				29B4CC962C7D19FE00C22C1E /* Date+Extension.swift */,
			);
			path = Extensions;
			sourceTree = "<group>";
		};
		29B4CC4B2C7C1FBC00C22C1E /* UseCase */ = {
			isa = PBXGroup;
			children = (
				29B4CC4C2C7C1FDA00C22C1E /* MovieUseCaseProtocol.swift */,
				29B4CC542C7C21B700C22C1E /* UseCase+DI.swift */,
				29B4CC602C7C574E00C22C1E /* MovieUseCase.swift */,
			);
			path = UseCase;
			sourceTree = "<group>";
		};
		29B4CC4E2C7C209C00C22C1E /* Repository */ = {
			isa = PBXGroup;
			children = (
				29B4CC4F2C7C20B100C22C1E /* MovieRepositoryProtocol.swift */,
				29B4CC522C7C219E00C22C1E /* Repository+DI.swift */,
				29B4CC562C7C223100C22C1E /* MovieRepository.swift */,
				29B4CC5A2C7C2B4E00C22C1E /* RepositoryError.swift */,
			);
			path = Repository;
			sourceTree = "<group>";
		};
		29B4CC5C2C7C404D00C22C1E /* UseCases */ = {
			isa = PBXGroup;
			children = (
				29B4CC642C7C597300C22C1E /* MovieUseCaseTests.swift */,
				29B4CC7A2C7C680C00C22C1E /* MockMovieUseCase.swift */,
			);
			path = UseCases;
			sourceTree = "<group>";
		};
		29B4CC5D2C7C405F00C22C1E /* Repositories */ = {
			isa = PBXGroup;
			children = (
				29B4CC5E2C7C427600C22C1E /* MovieRepositoryTests.swift */,
				29B4CC622C7C58FF00C22C1E /* MockMovieRepository.swift */,
			);
			path = Repositories;
			sourceTree = "<group>";
		};
		29B4CC6B2C7C5C9D00C22C1E /* TopRatedMovies */ = {
			isa = PBXGroup;
			children = (
				29B4CC062C7A6C5B00C22C1E /* TopRatedMoviesScreen.swift */,
				29B4CC6C2C7C5CBC00C22C1E /* TopRatedMoviesViewModel.swift */,
			);
			path = TopRatedMovies;
			sourceTree = "<group>";
		};
		29B4CC6E2C7C5D6200C22C1E /* Common */ = {
			isa = PBXGroup;
			children = (
				29B4CC6F2C7C5D9200C22C1E /* ViewModelProtocol.swift */,
			);
			path = Common;
			sourceTree = "<group>";
		};
		29B4CC712C7C5DE700C22C1E /* Utils */ = {
			isa = PBXGroup;
			children = (
				29B4CC722C7C5DF100C22C1E /* CancelBag.swift */,
				29B4CC762C7C62C500C22C1E /* ActivityTracker.swift */,
				29B4CC782C7C643500C22C1E /* Unwrap.swift */,
			);
			path = Utils;
			sourceTree = "<group>";
		};
		29B4CC7C2C7C685400C22C1E /* ViewModels */ = {
			isa = PBXGroup;
			children = (
				29B4CC7D2C7C688900C22C1E /* TopRatedMoviesViewModelTests.swift */,
				29B4CC9A2C7D1B4700C22C1E /* NowPlayingMoviesViewModelTests.swift */,
			);
			path = ViewModels;
			sourceTree = "<group>";
		};
		29B4CC862C7CD8AC00C22C1E /* Adapters */ = {
			isa = PBXGroup;
			children = (
				29B4CC742C7C5FB700C22C1E /* ListItemProtocol.swift */,
				29B4CC872C7CD8C800C22C1E /* Movie+Listitem.swift */,
			);
			path = Adapters;
			sourceTree = "<group>";
		};
		29B4CC8B2C7CDB7A00C22C1E /* Extensions */ = {
			isa = PBXGroup;
			children = (
				29B4CC8C2C7CDB9D00C22C1E /* StringExtensionTests.swift */,
				29B4CC982C7D1A2E00C22C1E /* DateExtensionTests.swift */,
			);
			path = Extensions;
			sourceTree = "<group>";
		};
		29B4CC8E2C7CE36600C22C1E /* NowPlayingMovies */ = {
			isa = PBXGroup;
			children = (
				29B4CC8F2C7CE55F00C22C1E /* NowPlayingMoviesViewModel.swift */,
				29B4CC082C7A6C7400C22C1E /* NowPlayingMoviesScreen.swift */,
			);
			path = NowPlayingMovies;
			sourceTree = "<group>";
		};
		29B4CC952C7CFCB900C22C1E /* MovieDetail */ = {
			isa = PBXGroup;
			children = (
			);
			path = MovieDetail;
			sourceTree = "<group>";
		};
/* End PBXGroup section */

/* Begin PBXNativeTarget section */
		29B4CBB72C7A4B7A00C22C1E /* CineStoreApp */ = {
			isa = PBXNativeTarget;
			buildConfigurationList = 29B4CBDE2C7A4B7C00C22C1E /* Build configuration list for PBXNativeTarget "CineStoreApp" */;
			buildPhases = (
				29B4CBB42C7A4B7A00C22C1E /* Sources */,
				29B4CBB52C7A4B7A00C22C1E /* Frameworks */,
				29B4CBB62C7A4B7A00C22C1E /* Resources */,
			);
			buildRules = (
			);
			dependencies = (
			);
			name = CineStoreApp;
			packageProductDependencies = (
				29B4CBE82C7A52E300C22C1E /* LinkNavigator */,
				29B4CC102C7A94C100C22C1E /* Then */,
				29B4CC382C7BAC0D00C22C1E /* Alamofire */,
				29B4CC492C7C1D8400C22C1E /* Factory */,
				29B4CC842C7C72A100C22C1E /* Kingfisher */,
			);
			productName = CineStoreApp;
			productReference = 29B4CBB82C7A4B7A00C22C1E /* CineStoreApp.app */;
			productType = "com.apple.product-type.application";
		};
		29B4CBC92C7A4B7B00C22C1E /* CineStoreAppTests */ = {
			isa = PBXNativeTarget;
			buildConfigurationList = 29B4CBE12C7A4B7C00C22C1E /* Build configuration list for PBXNativeTarget "CineStoreAppTests" */;
			buildPhases = (
				29B4CBC62C7A4B7B00C22C1E /* Sources */,
				29B4CBC72C7A4B7B00C22C1E /* Frameworks */,
				29B4CBC82C7A4B7B00C22C1E /* Resources */,
			);
			buildRules = (
			);
			dependencies = (
				29B4CBCC2C7A4B7B00C22C1E /* PBXTargetDependency */,
			);
			name = CineStoreAppTests;
			packageProductDependencies = (
			);
			productName = CineStoreAppTests;
			productReference = 29B4CBCA2C7A4B7B00C22C1E /* CineStoreAppTests.xctest */;
			productType = "com.apple.product-type.bundle.unit-test";
		};
		29B4CBD32C7A4B7B00C22C1E /* CineStoreAppUITests */ = {
			isa = PBXNativeTarget;
			buildConfigurationList = 29B4CBE42C7A4B7C00C22C1E /* Build configuration list for PBXNativeTarget "CineStoreAppUITests" */;
			buildPhases = (
				29B4CBD02C7A4B7B00C22C1E /* Sources */,
				29B4CBD12C7A4B7B00C22C1E /* Frameworks */,
				29B4CBD22C7A4B7B00C22C1E /* Resources */,
			);
			buildRules = (
			);
			dependencies = (
				29B4CBD62C7A4B7B00C22C1E /* PBXTargetDependency */,
			);
			name = CineStoreAppUITests;
			productName = CineStoreAppUITests;
			productReference = 29B4CBD42C7A4B7B00C22C1E /* CineStoreAppUITests.xctest */;
			productType = "com.apple.product-type.bundle.ui-testing";
		};
/* End PBXNativeTarget section */

/* Begin PBXProject section */
		29B4CBB02C7A4B7A00C22C1E /* Project object */ = {
			isa = PBXProject;
			attributes = {
				BuildIndependentTargetsInParallel = 1;
				LastSwiftUpdateCheck = 1540;
				LastUpgradeCheck = 1540;
				TargetAttributes = {
					29B4CBB72C7A4B7A00C22C1E = {
						CreatedOnToolsVersion = 15.4;
					};
					29B4CBC92C7A4B7B00C22C1E = {
						CreatedOnToolsVersion = 15.4;
						TestTargetID = 29B4CBB72C7A4B7A00C22C1E;
					};
					29B4CBD32C7A4B7B00C22C1E = {
						CreatedOnToolsVersion = 15.4;
						TestTargetID = 29B4CBB72C7A4B7A00C22C1E;
					};
				};
			};
			buildConfigurationList = 29B4CBB32C7A4B7A00C22C1E /* Build configuration list for PBXProject "CineStoreApp" */;
			compatibilityVersion = "Xcode 14.0";
			developmentRegion = en;
			hasScannedForEncodings = 0;
			knownRegions = (
				en,
				Base,
			);
			mainGroup = 29B4CBAF2C7A4B7A00C22C1E;
			packageReferences = (
				29B4CBE72C7A52E300C22C1E /* XCRemoteSwiftPackageReference "LinkNavigator" */,
				29B4CC0F2C7A94C100C22C1E /* XCRemoteSwiftPackageReference "Then" */,
				29B4CC372C7BAC0D00C22C1E /* XCRemoteSwiftPackageReference "Alamofire" */,
				29B4CC482C7C1D8400C22C1E /* XCRemoteSwiftPackageReference "Factory" */,
				29B4CC812C7C722200C22C1E /* XCRemoteSwiftPackageReference "Kingfisher" */,
			);
			productRefGroup = 29B4CBB92C7A4B7A00C22C1E /* Products */;
			projectDirPath = "";
			projectRoot = "";
			targets = (
				29B4CBB72C7A4B7A00C22C1E /* CineStoreApp */,
				29B4CBC92C7A4B7B00C22C1E /* CineStoreAppTests */,
				29B4CBD32C7A4B7B00C22C1E /* CineStoreAppUITests */,
			);
		};
/* End PBXProject section */

/* Begin PBXResourcesBuildPhase section */
		29B4CBB62C7A4B7A00C22C1E /* Resources */ = {
			isa = PBXResourcesBuildPhase;
			buildActionMask = 2147483647;
			files = (
				29B4CBC52C7A4B7B00C22C1E /* Preview Assets.xcassets in Resources */,
				29B4CBC22C7A4B7B00C22C1E /* Assets.xcassets in Resources */,
			);
			runOnlyForDeploymentPostprocessing = 0;
		};
		29B4CBC82C7A4B7B00C22C1E /* Resources */ = {
			isa = PBXResourcesBuildPhase;
			buildActionMask = 2147483647;
			files = (
			);
			runOnlyForDeploymentPostprocessing = 0;
		};
		29B4CBD22C7A4B7B00C22C1E /* Resources */ = {
			isa = PBXResourcesBuildPhase;
			buildActionMask = 2147483647;
			files = (
			);
			runOnlyForDeploymentPostprocessing = 0;
		};
/* End PBXResourcesBuildPhase section */

/* Begin PBXSourcesBuildPhase section */
		29B4CBB42C7A4B7A00C22C1E /* Sources */ = {
			isa = PBXSourcesBuildPhase;
			buildActionMask = 2147483647;
			files = (
				29B4CC4D2C7C1FDA00C22C1E /* MovieUseCaseProtocol.swift in Sources */,
				29B4CC612C7C574E00C22C1E /* MovieUseCase.swift in Sources */,
				29B4CC3C2C7BCE5100C22C1E /* MovieBDAPIProtocol.swift in Sources */,
				29B4CBFC2C7A5DB900C22C1E /* MainRouteGroup.swift in Sources */,
				29B4CC072C7A6C5B00C22C1E /* TopRatedMoviesScreen.swift in Sources */,
				29B4CC772C7C62C500C22C1E /* ActivityTracker.swift in Sources */,
				29B4CC572C7C223100C22C1E /* MovieRepository.swift in Sources */,
				29B4CC282C7B918B00C22C1E /* GlobalConfig.swift in Sources */,
				29B4CC8A2C7CDB1A00C22C1E /* String+Extension.swift in Sources */,
				29B4CC092C7A6C7400C22C1E /* NowPlayingMoviesScreen.swift in Sources */,
				29B4CC732C7C5DF100C22C1E /* CancelBag.swift in Sources */,
				29B4CBF72C7A5C7100C22C1E /* NavigatorDependency.swift in Sources */,
				29B4CC0B2C7A6C8800C22C1E /* FavoriteMoviesScreen.swift in Sources */,
				29B4CC552C7C21B700C22C1E /* UseCase+DI.swift in Sources */,
				29B4CC752C7C5FB700C22C1E /* ListItemProtocol.swift in Sources */,
				29B4CC302C7BA10200C22C1E /* APIClient.swift in Sources */,
				29B4CBFE2C7A5E2E00C22C1E /* MainRouteBuilders.swift in Sources */,
				29B4CC042C7A6AFE00C22C1E /* FavoriteMovie.swift in Sources */,
				29B4CBF92C7A5CC600C22C1E /* AppRoutes.swift in Sources */,
				29B4CC792C7C643500C22C1E /* Unwrap.swift in Sources */,
				29B4CC162C7A9A6900C22C1E /* LoadingView.swift in Sources */,
				29B4CBF42C7A5C0200C22C1E /* MainRouteView.swift in Sources */,
				29B4CC142C7A9A3000C22C1E /* BaseContentView.swift in Sources */,
				29B4CC322C7BA11900C22C1E /* APIError.swift in Sources */,
				29B4CC002C7A5E7100C22C1E /* TabBarItemType.swift in Sources */,
				29B4CC472C7C149300C22C1E /* Publisher+Extension.swift in Sources */,
				29B4CC5B2C7C2B4E00C22C1E /* RepositoryError.swift in Sources */,
				29B4CC972C7D19FE00C22C1E /* Date+Extension.swift in Sources */,
				29B4CC882C7CD8C800C22C1E /* Movie+Listitem.swift in Sources */,
				29B4CC502C7C20B100C22C1E /* MovieRepositoryProtocol.swift in Sources */,
				29B4CC182C7A9AC700C22C1E /* ActivityIndicator.swift in Sources */,
				29B4CC802C7C718500C22C1E /* VerticalCardItem.swift in Sources */,
				29B4CC532C7C219E00C22C1E /* Repository+DI.swift in Sources */,
				29B4CBF02C7A5B5B00C22C1E /* MainScene.swift in Sources */,
				29B4CC6D2C7C5CBC00C22C1E /* TopRatedMoviesViewModel.swift in Sources */,
				29B4CC942C7CF67100C22C1E /* RemoteImageView.swift in Sources */,
				29B4CBBC2C7A4B7A00C22C1E /* CineStoreApp.swift in Sources */,
				29B4CC592C7C24E600C22C1E /* MovieDBAPI+DI.swift in Sources */,
				29B4CC702C7C5D9200C22C1E /* ViewModelProtocol.swift in Sources */,
				29B4CC3E2C7BCE8B00C22C1E /* MovieDBAPI.swift in Sources */,
				29B4CC902C7CE55F00C22C1E /* NowPlayingMoviesViewModel.swift in Sources */,
				29B4CC0E2C7A925600C22C1E /* UIAppearanceManager.swift in Sources */,
				29B4CC232C7B90B500C22C1E /* Movie.swift in Sources */,
			);
			runOnlyForDeploymentPostprocessing = 0;
		};
		29B4CBC62C7A4B7B00C22C1E /* Sources */ = {
			isa = PBXSourcesBuildPhase;
			buildActionMask = 2147483647;
			files = (
				29B4CC9B2C7D1B4700C22C1E /* NowPlayingMoviesViewModelTests.swift in Sources */,
				29B4CC7E2C7C688900C22C1E /* TopRatedMoviesViewModelTests.swift in Sources */,
				29B4CC652C7C597300C22C1E /* MovieUseCaseTests.swift in Sources */,
				29B4CC992C7D1A2E00C22C1E /* DateExtensionTests.swift in Sources */,
				29B4CC5F2C7C427600C22C1E /* MovieRepositoryTests.swift in Sources */,
				29B4CC342C7BA27E00C22C1E /* MockUrlProtocol.swift in Sources */,
				29B4CC432C7BD17600C22C1E /* MovieDBAPITests.swift in Sources */,
				29B4CC1C2C7AA36F00C22C1E /* UIAppearanceManagerTests.swift in Sources */,
				29B4CC412C7BD12700C22C1E /* MockMovieDBAPI.swift in Sources */,
				29B4CC7B2C7C680C00C22C1E /* MockMovieUseCase.swift in Sources */,
				29B4CC8D2C7CDB9D00C22C1E /* StringExtensionTests.swift in Sources */,
				29B4CC1F2C7AA60A00C22C1E /* NavigationComponentMock.swift in Sources */,
				29B4CC632C7C58FF00C22C1E /* MockMovieRepository.swift in Sources */,
				29B4CC362C7BA88800C22C1E /* APIClientTests.swift in Sources */,
			);
			runOnlyForDeploymentPostprocessing = 0;
		};
		29B4CBD02C7A4B7B00C22C1E /* Sources */ = {
			isa = PBXSourcesBuildPhase;
			buildActionMask = 2147483647;
			files = (
				29B4CBD92C7A4B7B00C22C1E /* CineStoreAppUITests.swift in Sources */,
				29B4CBDB2C7A4B7B00C22C1E /* CineStoreAppUITestsLaunchTests.swift in Sources */,
			);
			runOnlyForDeploymentPostprocessing = 0;
		};
/* End PBXSourcesBuildPhase section */

/* Begin PBXTargetDependency section */
		29B4CBCC2C7A4B7B00C22C1E /* PBXTargetDependency */ = {
			isa = PBXTargetDependency;
			target = 29B4CBB72C7A4B7A00C22C1E /* CineStoreApp */;
			targetProxy = 29B4CBCB2C7A4B7B00C22C1E /* PBXContainerItemProxy */;
		};
		29B4CBD62C7A4B7B00C22C1E /* PBXTargetDependency */ = {
			isa = PBXTargetDependency;
			target = 29B4CBB72C7A4B7A00C22C1E /* CineStoreApp */;
			targetProxy = 29B4CBD52C7A4B7B00C22C1E /* PBXContainerItemProxy */;
		};
/* End PBXTargetDependency section */

/* Begin XCBuildConfiguration section */
		29B4CBDC2C7A4B7C00C22C1E /* Debug */ = {
			isa = XCBuildConfiguration;
			buildSettings = {
				ALWAYS_SEARCH_USER_PATHS = NO;
				ASSETCATALOG_COMPILER_GENERATE_SWIFT_ASSET_SYMBOL_EXTENSIONS = YES;
				CLANG_ANALYZER_NONNULL = YES;
				CLANG_ANALYZER_NUMBER_OBJECT_CONVERSION = YES_AGGRESSIVE;
				CLANG_CXX_LANGUAGE_STANDARD = "gnu++20";
				CLANG_ENABLE_MODULES = YES;
				CLANG_ENABLE_OBJC_ARC = YES;
				CLANG_ENABLE_OBJC_WEAK = YES;
				CLANG_WARN_BLOCK_CAPTURE_AUTORELEASING = YES;
				CLANG_WARN_BOOL_CONVERSION = YES;
				CLANG_WARN_COMMA = YES;
				CLANG_WARN_CONSTANT_CONVERSION = YES;
				CLANG_WARN_DEPRECATED_OBJC_IMPLEMENTATIONS = YES;
				CLANG_WARN_DIRECT_OBJC_ISA_USAGE = YES_ERROR;
				CLANG_WARN_DOCUMENTATION_COMMENTS = YES;
				CLANG_WARN_EMPTY_BODY = YES;
				CLANG_WARN_ENUM_CONVERSION = YES;
				CLANG_WARN_INFINITE_RECURSION = YES;
				CLANG_WARN_INT_CONVERSION = YES;
				CLANG_WARN_NON_LITERAL_NULL_CONVERSION = YES;
				CLANG_WARN_OBJC_IMPLICIT_RETAIN_SELF = YES;
				CLANG_WARN_OBJC_LITERAL_CONVERSION = YES;
				CLANG_WARN_OBJC_ROOT_CLASS = YES_ERROR;
				CLANG_WARN_QUOTED_INCLUDE_IN_FRAMEWORK_HEADER = YES;
				CLANG_WARN_RANGE_LOOP_ANALYSIS = YES;
				CLANG_WARN_STRICT_PROTOTYPES = YES;
				CLANG_WARN_SUSPICIOUS_MOVE = YES;
				CLANG_WARN_UNGUARDED_AVAILABILITY = YES_AGGRESSIVE;
				CLANG_WARN_UNREACHABLE_CODE = YES;
				CLANG_WARN__DUPLICATE_METHOD_MATCH = YES;
				COPY_PHASE_STRIP = NO;
				DEBUG_INFORMATION_FORMAT = dwarf;
				ENABLE_STRICT_OBJC_MSGSEND = YES;
				ENABLE_TESTABILITY = YES;
				ENABLE_USER_SCRIPT_SANDBOXING = YES;
				GCC_C_LANGUAGE_STANDARD = gnu17;
				GCC_DYNAMIC_NO_PIC = NO;
				GCC_NO_COMMON_BLOCKS = YES;
				GCC_OPTIMIZATION_LEVEL = 0;
				GCC_PREPROCESSOR_DEFINITIONS = (
					"DEBUG=1",
					"$(inherited)",
				);
				GCC_WARN_64_TO_32_BIT_CONVERSION = YES;
				GCC_WARN_ABOUT_RETURN_TYPE = YES_ERROR;
				GCC_WARN_UNDECLARED_SELECTOR = YES;
				GCC_WARN_UNINITIALIZED_AUTOS = YES_AGGRESSIVE;
				GCC_WARN_UNUSED_FUNCTION = YES;
				GCC_WARN_UNUSED_VARIABLE = YES;
				IPHONEOS_DEPLOYMENT_TARGET = 17.5;
				LOCALIZATION_PREFERS_STRING_CATALOGS = YES;
				MTL_ENABLE_DEBUG_INFO = INCLUDE_SOURCE;
				MTL_FAST_MATH = YES;
				ONLY_ACTIVE_ARCH = YES;
				SDKROOT = iphoneos;
				SWIFT_ACTIVE_COMPILATION_CONDITIONS = "DEBUG $(inherited)";
				SWIFT_OPTIMIZATION_LEVEL = "-Onone";
			};
			name = Debug;
		};
		29B4CBDD2C7A4B7C00C22C1E /* Release */ = {
			isa = XCBuildConfiguration;
			buildSettings = {
				ALWAYS_SEARCH_USER_PATHS = NO;
				ASSETCATALOG_COMPILER_GENERATE_SWIFT_ASSET_SYMBOL_EXTENSIONS = YES;
				CLANG_ANALYZER_NONNULL = YES;
				CLANG_ANALYZER_NUMBER_OBJECT_CONVERSION = YES_AGGRESSIVE;
				CLANG_CXX_LANGUAGE_STANDARD = "gnu++20";
				CLANG_ENABLE_MODULES = YES;
				CLANG_ENABLE_OBJC_ARC = YES;
				CLANG_ENABLE_OBJC_WEAK = YES;
				CLANG_WARN_BLOCK_CAPTURE_AUTORELEASING = YES;
				CLANG_WARN_BOOL_CONVERSION = YES;
				CLANG_WARN_COMMA = YES;
				CLANG_WARN_CONSTANT_CONVERSION = YES;
				CLANG_WARN_DEPRECATED_OBJC_IMPLEMENTATIONS = YES;
				CLANG_WARN_DIRECT_OBJC_ISA_USAGE = YES_ERROR;
				CLANG_WARN_DOCUMENTATION_COMMENTS = YES;
				CLANG_WARN_EMPTY_BODY = YES;
				CLANG_WARN_ENUM_CONVERSION = YES;
				CLANG_WARN_INFINITE_RECURSION = YES;
				CLANG_WARN_INT_CONVERSION = YES;
				CLANG_WARN_NON_LITERAL_NULL_CONVERSION = YES;
				CLANG_WARN_OBJC_IMPLICIT_RETAIN_SELF = YES;
				CLANG_WARN_OBJC_LITERAL_CONVERSION = YES;
				CLANG_WARN_OBJC_ROOT_CLASS = YES_ERROR;
				CLANG_WARN_QUOTED_INCLUDE_IN_FRAMEWORK_HEADER = YES;
				CLANG_WARN_RANGE_LOOP_ANALYSIS = YES;
				CLANG_WARN_STRICT_PROTOTYPES = YES;
				CLANG_WARN_SUSPICIOUS_MOVE = YES;
				CLANG_WARN_UNGUARDED_AVAILABILITY = YES_AGGRESSIVE;
				CLANG_WARN_UNREACHABLE_CODE = YES;
				CLANG_WARN__DUPLICATE_METHOD_MATCH = YES;
				COPY_PHASE_STRIP = NO;
				DEBUG_INFORMATION_FORMAT = "dwarf-with-dsym";
				ENABLE_NS_ASSERTIONS = NO;
				ENABLE_STRICT_OBJC_MSGSEND = YES;
				ENABLE_USER_SCRIPT_SANDBOXING = YES;
				GCC_C_LANGUAGE_STANDARD = gnu17;
				GCC_NO_COMMON_BLOCKS = YES;
				GCC_WARN_64_TO_32_BIT_CONVERSION = YES;
				GCC_WARN_ABOUT_RETURN_TYPE = YES_ERROR;
				GCC_WARN_UNDECLARED_SELECTOR = YES;
				GCC_WARN_UNINITIALIZED_AUTOS = YES_AGGRESSIVE;
				GCC_WARN_UNUSED_FUNCTION = YES;
				GCC_WARN_UNUSED_VARIABLE = YES;
				IPHONEOS_DEPLOYMENT_TARGET = 17.5;
				LOCALIZATION_PREFERS_STRING_CATALOGS = YES;
				MTL_ENABLE_DEBUG_INFO = NO;
				MTL_FAST_MATH = YES;
				SDKROOT = iphoneos;
				SWIFT_COMPILATION_MODE = wholemodule;
				VALIDATE_PRODUCT = YES;
			};
			name = Release;
		};
		29B4CBDF2C7A4B7C00C22C1E /* Debug */ = {
			isa = XCBuildConfiguration;
			buildSettings = {
				ASSETCATALOG_COMPILER_APPICON_NAME = AppIcon;
				ASSETCATALOG_COMPILER_GLOBAL_ACCENT_COLOR_NAME = AccentColor;
				CODE_SIGN_STYLE = Automatic;
				CURRENT_PROJECT_VERSION = 1;
				DEVELOPMENT_ASSET_PATHS = "\"CineStoreApp/Preview Content\"";
				DEVELOPMENT_TEAM = EXPP3WEQKM;
				ENABLE_PREVIEWS = YES;
				GENERATE_INFOPLIST_FILE = YES;
				INFOPLIST_KEY_UIApplicationSceneManifest_Generation = YES;
				INFOPLIST_KEY_UIApplicationSupportsIndirectInputEvents = YES;
				INFOPLIST_KEY_UILaunchScreen_Generation = YES;
				INFOPLIST_KEY_UISupportedInterfaceOrientations_iPad = "UIInterfaceOrientationPortrait UIInterfaceOrientationPortraitUpsideDown UIInterfaceOrientationLandscapeLeft UIInterfaceOrientationLandscapeRight";
				INFOPLIST_KEY_UISupportedInterfaceOrientations_iPhone = "UIInterfaceOrientationPortrait UIInterfaceOrientationLandscapeLeft UIInterfaceOrientationLandscapeRight";
				LD_RUNPATH_SEARCH_PATHS = (
					"$(inherited)",
					"@executable_path/Frameworks",
				);
				MARKETING_VERSION = 1.0;
				PRODUCT_BUNDLE_IDENTIFIER = com.memoherrera.CineStoreApp;
				PRODUCT_NAME = "$(TARGET_NAME)";
				SWIFT_EMIT_LOC_STRINGS = YES;
				SWIFT_VERSION = 5.0;
				TARGETED_DEVICE_FAMILY = "1,2";
			};
			name = Debug;
		};
		29B4CBE02C7A4B7C00C22C1E /* Release */ = {
			isa = XCBuildConfiguration;
			buildSettings = {
				ASSETCATALOG_COMPILER_APPICON_NAME = AppIcon;
				ASSETCATALOG_COMPILER_GLOBAL_ACCENT_COLOR_NAME = AccentColor;
				CODE_SIGN_STYLE = Automatic;
				CURRENT_PROJECT_VERSION = 1;
				DEVELOPMENT_ASSET_PATHS = "\"CineStoreApp/Preview Content\"";
				DEVELOPMENT_TEAM = EXPP3WEQKM;
				ENABLE_PREVIEWS = YES;
				GENERATE_INFOPLIST_FILE = YES;
				INFOPLIST_KEY_UIApplicationSceneManifest_Generation = YES;
				INFOPLIST_KEY_UIApplicationSupportsIndirectInputEvents = YES;
				INFOPLIST_KEY_UILaunchScreen_Generation = YES;
				INFOPLIST_KEY_UISupportedInterfaceOrientations_iPad = "UIInterfaceOrientationPortrait UIInterfaceOrientationPortraitUpsideDown UIInterfaceOrientationLandscapeLeft UIInterfaceOrientationLandscapeRight";
				INFOPLIST_KEY_UISupportedInterfaceOrientations_iPhone = "UIInterfaceOrientationPortrait UIInterfaceOrientationLandscapeLeft UIInterfaceOrientationLandscapeRight";
				LD_RUNPATH_SEARCH_PATHS = (
					"$(inherited)",
					"@executable_path/Frameworks",
				);
				MARKETING_VERSION = 1.0;
				PRODUCT_BUNDLE_IDENTIFIER = com.memoherrera.CineStoreApp;
				PRODUCT_NAME = "$(TARGET_NAME)";
				SWIFT_EMIT_LOC_STRINGS = YES;
				SWIFT_VERSION = 5.0;
				TARGETED_DEVICE_FAMILY = "1,2";
			};
			name = Release;
		};
		29B4CBE22C7A4B7C00C22C1E /* Debug */ = {
			isa = XCBuildConfiguration;
			buildSettings = {
				ALWAYS_EMBED_SWIFT_STANDARD_LIBRARIES = YES;
				BUNDLE_LOADER = "$(TEST_HOST)";
				CODE_SIGN_STYLE = Automatic;
				CURRENT_PROJECT_VERSION = 1;
				DEVELOPMENT_TEAM = EXPP3WEQKM;
				GENERATE_INFOPLIST_FILE = YES;
				IPHONEOS_DEPLOYMENT_TARGET = 17.5;
				MARKETING_VERSION = 1.0;
				PRODUCT_BUNDLE_IDENTIFIER = com.memoherrera.CineStoreAppTests;
				PRODUCT_NAME = "$(TARGET_NAME)";
				SWIFT_EMIT_LOC_STRINGS = NO;
				SWIFT_VERSION = 5.0;
				TARGETED_DEVICE_FAMILY = "1,2";
				TEST_HOST = "$(BUILT_PRODUCTS_DIR)/CineStoreApp.app/$(BUNDLE_EXECUTABLE_FOLDER_PATH)/CineStoreApp";
			};
			name = Debug;
		};
		29B4CBE32C7A4B7C00C22C1E /* Release */ = {
			isa = XCBuildConfiguration;
			buildSettings = {
				ALWAYS_EMBED_SWIFT_STANDARD_LIBRARIES = YES;
				BUNDLE_LOADER = "$(TEST_HOST)";
				CODE_SIGN_STYLE = Automatic;
				CURRENT_PROJECT_VERSION = 1;
				DEVELOPMENT_TEAM = EXPP3WEQKM;
				GENERATE_INFOPLIST_FILE = YES;
				IPHONEOS_DEPLOYMENT_TARGET = 17.5;
				MARKETING_VERSION = 1.0;
				PRODUCT_BUNDLE_IDENTIFIER = com.memoherrera.CineStoreAppTests;
				PRODUCT_NAME = "$(TARGET_NAME)";
				SWIFT_EMIT_LOC_STRINGS = NO;
				SWIFT_VERSION = 5.0;
				TARGETED_DEVICE_FAMILY = "1,2";
				TEST_HOST = "$(BUILT_PRODUCTS_DIR)/CineStoreApp.app/$(BUNDLE_EXECUTABLE_FOLDER_PATH)/CineStoreApp";
			};
			name = Release;
		};
		29B4CBE52C7A4B7C00C22C1E /* Debug */ = {
			isa = XCBuildConfiguration;
			buildSettings = {
				ALWAYS_EMBED_SWIFT_STANDARD_LIBRARIES = YES;
				CODE_SIGN_STYLE = Automatic;
				CURRENT_PROJECT_VERSION = 1;
				DEVELOPMENT_TEAM = EXPP3WEQKM;
				GENERATE_INFOPLIST_FILE = YES;
				MARKETING_VERSION = 1.0;
				PRODUCT_BUNDLE_IDENTIFIER = com.memoherrera.CineStoreAppUITests;
				PRODUCT_NAME = "$(TARGET_NAME)";
				SWIFT_EMIT_LOC_STRINGS = NO;
				SWIFT_VERSION = 5.0;
				TARGETED_DEVICE_FAMILY = "1,2";
				TEST_TARGET_NAME = CineStoreApp;
			};
			name = Debug;
		};
		29B4CBE62C7A4B7C00C22C1E /* Release */ = {
			isa = XCBuildConfiguration;
			buildSettings = {
				ALWAYS_EMBED_SWIFT_STANDARD_LIBRARIES = YES;
				CODE_SIGN_STYLE = Automatic;
				CURRENT_PROJECT_VERSION = 1;
				DEVELOPMENT_TEAM = EXPP3WEQKM;
				GENERATE_INFOPLIST_FILE = YES;
				MARKETING_VERSION = 1.0;
				PRODUCT_BUNDLE_IDENTIFIER = com.memoherrera.CineStoreAppUITests;
				PRODUCT_NAME = "$(TARGET_NAME)";
				SWIFT_EMIT_LOC_STRINGS = NO;
				SWIFT_VERSION = 5.0;
				TARGETED_DEVICE_FAMILY = "1,2";
				TEST_TARGET_NAME = CineStoreApp;
			};
			name = Release;
		};
/* End XCBuildConfiguration section */

/* Begin XCConfigurationList section */
		29B4CBB32C7A4B7A00C22C1E /* Build configuration list for PBXProject "CineStoreApp" */ = {
			isa = XCConfigurationList;
			buildConfigurations = (
				29B4CBDC2C7A4B7C00C22C1E /* Debug */,
				29B4CBDD2C7A4B7C00C22C1E /* Release */,
			);
			defaultConfigurationIsVisible = 0;
			defaultConfigurationName = Release;
		};
		29B4CBDE2C7A4B7C00C22C1E /* Build configuration list for PBXNativeTarget "CineStoreApp" */ = {
			isa = XCConfigurationList;
			buildConfigurations = (
				29B4CBDF2C7A4B7C00C22C1E /* Debug */,
				29B4CBE02C7A4B7C00C22C1E /* Release */,
			);
			defaultConfigurationIsVisible = 0;
			defaultConfigurationName = Release;
		};
		29B4CBE12C7A4B7C00C22C1E /* Build configuration list for PBXNativeTarget "CineStoreAppTests" */ = {
			isa = XCConfigurationList;
			buildConfigurations = (
				29B4CBE22C7A4B7C00C22C1E /* Debug */,
				29B4CBE32C7A4B7C00C22C1E /* Release */,
			);
			defaultConfigurationIsVisible = 0;
			defaultConfigurationName = Release;
		};
		29B4CBE42C7A4B7C00C22C1E /* Build configuration list for PBXNativeTarget "CineStoreAppUITests" */ = {
			isa = XCConfigurationList;
			buildConfigurations = (
				29B4CBE52C7A4B7C00C22C1E /* Debug */,
				29B4CBE62C7A4B7C00C22C1E /* Release */,
			);
			defaultConfigurationIsVisible = 0;
			defaultConfigurationName = Release;
		};
/* End XCConfigurationList section */

/* Begin XCRemoteSwiftPackageReference section */
		29B4CBE72C7A52E300C22C1E /* XCRemoteSwiftPackageReference "LinkNavigator" */ = {
			isa = XCRemoteSwiftPackageReference;
			repositoryURL = "https://github.com/interactord/LinkNavigator.git";
			requirement = {
				kind = upToNextMajorVersion;
				minimumVersion = 1.2.6;
			};
		};
		29B4CC0F2C7A94C100C22C1E /* XCRemoteSwiftPackageReference "Then" */ = {
			isa = XCRemoteSwiftPackageReference;
			repositoryURL = "https://github.com/devxoul/Then";
			requirement = {
				kind = upToNextMajorVersion;
				minimumVersion = 3.0.0;
			};
		};
		29B4CC372C7BAC0D00C22C1E /* XCRemoteSwiftPackageReference "Alamofire" */ = {
			isa = XCRemoteSwiftPackageReference;
			repositoryURL = "https://github.com/Alamofire/Alamofire.git";
			requirement = {
				kind = upToNextMajorVersion;
				minimumVersion = 5.9.1;
			};
		};
		29B4CC482C7C1D8400C22C1E /* XCRemoteSwiftPackageReference "Factory" */ = {
			isa = XCRemoteSwiftPackageReference;
			repositoryURL = "https://github.com/hmlongco/Factory.git";
			requirement = {
				kind = upToNextMajorVersion;
				minimumVersion = 2.3.2;
			};
		};
		29B4CC812C7C722200C22C1E /* XCRemoteSwiftPackageReference "Kingfisher" */ = {
			isa = XCRemoteSwiftPackageReference;
			repositoryURL = "https://github.com/onevcat/Kingfisher.git";
			requirement = {
				kind = upToNextMajorVersion;
				minimumVersion = 7.0.0;
			};
		};
/* End XCRemoteSwiftPackageReference section */

/* Begin XCSwiftPackageProductDependency section */
		29B4CBE82C7A52E300C22C1E /* LinkNavigator */ = {
			isa = XCSwiftPackageProductDependency;
			package = 29B4CBE72C7A52E300C22C1E /* XCRemoteSwiftPackageReference "LinkNavigator" */;
			productName = LinkNavigator;
		};
		29B4CC102C7A94C100C22C1E /* Then */ = {
			isa = XCSwiftPackageProductDependency;
			package = 29B4CC0F2C7A94C100C22C1E /* XCRemoteSwiftPackageReference "Then" */;
			productName = Then;
		};
		29B4CC382C7BAC0D00C22C1E /* Alamofire */ = {
			isa = XCSwiftPackageProductDependency;
			package = 29B4CC372C7BAC0D00C22C1E /* XCRemoteSwiftPackageReference "Alamofire" */;
			productName = Alamofire;
		};
		29B4CC492C7C1D8400C22C1E /* Factory */ = {
			isa = XCSwiftPackageProductDependency;
			package = 29B4CC482C7C1D8400C22C1E /* XCRemoteSwiftPackageReference "Factory" */;
			productName = Factory;
		};
		29B4CC842C7C72A100C22C1E /* Kingfisher */ = {
			isa = XCSwiftPackageProductDependency;
			package = 29B4CC812C7C722200C22C1E /* XCRemoteSwiftPackageReference "Kingfisher" */;
			productName = Kingfisher;
		};
/* End XCSwiftPackageProductDependency section */
	};
	rootObject = 29B4CBB02C7A4B7A00C22C1E /* Project object */;
}
