// !$*UTF8*$!
{
	archiveVersion = 1;
	classes = {
	};
	objectVersion = 56;
	objects = {

/* Begin PBXBuildFile section */
		29B4CBBC2C7A4B7A00C22C1E /* CineStoreAppApp.swift in Sources */ = {isa = PBXBuildFile; fileRef = 29B4CBBB2C7A4B7A00C22C1E /* CineStoreAppApp.swift */; };
		29B4CBBE2C7A4B7A00C22C1E /* ContentView.swift in Sources */ = {isa = PBXBuildFile; fileRef = 29B4CBBD2C7A4B7A00C22C1E /* ContentView.swift */; };
		29B4CBC02C7A4B7A00C22C1E /* Item.swift in Sources */ = {isa = PBXBuildFile; fileRef = 29B4CBBF2C7A4B7A00C22C1E /* Item.swift */; };
		29B4CBC22C7A4B7B00C22C1E /* Assets.xcassets in Resources */ = {isa = PBXBuildFile; fileRef = 29B4CBC12C7A4B7B00C22C1E /* Assets.xcassets */; };
		29B4CBC52C7A4B7B00C22C1E /* Preview Assets.xcassets in Resources */ = {isa = PBXBuildFile; fileRef = 29B4CBC42C7A4B7B00C22C1E /* Preview Assets.xcassets */; };
		29B4CBCF2C7A4B7B00C22C1E /* CineStoreAppTests.swift in Sources */ = {isa = PBXBuildFile; fileRef = 29B4CBCE2C7A4B7B00C22C1E /* CineStoreAppTests.swift */; };
		29B4CBD92C7A4B7B00C22C1E /* CineStoreAppUITests.swift in Sources */ = {isa = PBXBuildFile; fileRef = 29B4CBD82C7A4B7B00C22C1E /* CineStoreAppUITests.swift */; };
		29B4CBDB2C7A4B7B00C22C1E /* CineStoreAppUITestsLaunchTests.swift in Sources */ = {isa = PBXBuildFile; fileRef = 29B4CBDA2C7A4B7B00C22C1E /* CineStoreAppUITestsLaunchTests.swift */; };
/* End PBXBuildFile section */

/* Begin PBXContainerItemProxy section */
		29B4CBCB2C7A4B7B00C22C1E /* PBXContainerItemProxy */ = {
			isa = PBXContainerItemProxy;
			containerPortal = 29B4CBB02C7A4B7A00C22C1E /* Project object */;
			proxyType = 1;
			remoteGlobalIDString = 29B4CBB72C7A4B7A00C22C1E;
			remoteInfo = CineStoreApp;
		};
		29B4CBD52C7A4B7B00C22C1E /* PBXContainerItemProxy */ = {
			isa = PBXContainerItemProxy;
			containerPortal = 29B4CBB02C7A4B7A00C22C1E /* Project object */;
			proxyType = 1;
			remoteGlobalIDString = 29B4CBB72C7A4B7A00C22C1E;
			remoteInfo = CineStoreApp;
		};
/* End PBXContainerItemProxy section */

/* Begin PBXFileReference section */
		29B4CBB82C7A4B7A00C22C1E /* CineStoreApp.app */ = {isa = PBXFileReference; explicitFileType = wrapper.application; includeInIndex = 0; path = CineStoreApp.app; sourceTree = BUILT_PRODUCTS_DIR; };
		29B4CBBB2C7A4B7A00C22C1E /* CineStoreAppApp.swift */ = {isa = PBXFileReference; lastKnownFileType = sourcecode.swift; path = CineStoreAppApp.swift; sourceTree = "<group>"; };
		29B4CBBD2C7A4B7A00C22C1E /* ContentView.swift */ = {isa = PBXFileReference; lastKnownFileType = sourcecode.swift; path = ContentView.swift; sourceTree = "<group>"; };
		29B4CBBF2C7A4B7A00C22C1E /* Item.swift */ = {isa = PBXFileReference; lastKnownFileType = sourcecode.swift; path = Item.swift; sourceTree = "<group>"; };
		29B4CBC12C7A4B7B00C22C1E /* Assets.xcassets */ = {isa = PBXFileReference; lastKnownFileType = folder.assetcatalog; path = Assets.xcassets; sourceTree = "<group>"; };
		29B4CBC42C7A4B7B00C22C1E /* Preview Assets.xcassets */ = {isa = PBXFileReference; lastKnownFileType = folder.assetcatalog; path = "Preview Assets.xcassets"; sourceTree = "<group>"; };
		29B4CBCA2C7A4B7B00C22C1E /* CineStoreAppTests.xctest */ = {isa = PBXFileReference; explicitFileType = wrapper.cfbundle; includeInIndex = 0; path = CineStoreAppTests.xctest; sourceTree = BUILT_PRODUCTS_DIR; };
		29B4CBCE2C7A4B7B00C22C1E /* CineStoreAppTests.swift */ = {isa = PBXFileReference; lastKnownFileType = sourcecode.swift; path = CineStoreAppTests.swift; sourceTree = "<group>"; };
		29B4CBD42C7A4B7B00C22C1E /* CineStoreAppUITests.xctest */ = {isa = PBXFileReference; explicitFileType = wrapper.cfbundle; includeInIndex = 0; path = CineStoreAppUITests.xctest; sourceTree = BUILT_PRODUCTS_DIR; };
		29B4CBD82C7A4B7B00C22C1E /* CineStoreAppUITests.swift */ = {isa = PBXFileReference; lastKnownFileType = sourcecode.swift; path = CineStoreAppUITests.swift; sourceTree = "<group>"; };
		29B4CBDA2C7A4B7B00C22C1E /* CineStoreAppUITestsLaunchTests.swift */ = {isa = PBXFileReference; lastKnownFileType = sourcecode.swift; path = CineStoreAppUITestsLaunchTests.swift; sourceTree = "<group>"; };
/* End PBXFileReference section */

/* Begin PBXFrameworksBuildPhase section */
		29B4CBB52C7A4B7A00C22C1E /* Frameworks */ = {
			isa = PBXFrameworksBuildPhase;
			buildActionMask = 2147483647;
			files = (
			);
			runOnlyForDeploymentPostprocessing = 0;
		};
		29B4CBC72C7A4B7B00C22C1E /* Frameworks */ = {
			isa = PBXFrameworksBuildPhase;
			buildActionMask = 2147483647;
			files = (
			);
			runOnlyForDeploymentPostprocessing = 0;
		};
		29B4CBD12C7A4B7B00C22C1E /* Frameworks */ = {
			isa = PBXFrameworksBuildPhase;
			buildActionMask = 2147483647;
			files = (
			);
			runOnlyForDeploymentPostprocessing = 0;
		};
/* End PBXFrameworksBuildPhase section */

/* Begin PBXGroup section */
		29B4CBAF2C7A4B7A00C22C1E = {
			isa = PBXGroup;
			children = (
				29B4CBBA2C7A4B7A00C22C1E /* CineStoreApp */,
				29B4CBCD2C7A4B7B00C22C1E /* CineStoreAppTests */,
				29B4CBD72C7A4B7B00C22C1E /* CineStoreAppUITests */,
				29B4CBB92C7A4B7A00C22C1E /* Products */,
			);
			sourceTree = "<group>";
		};
		29B4CBB92C7A4B7A00C22C1E /* Products */ = {
			isa = PBXGroup;
			children = (
				29B4CBB82C7A4B7A00C22C1E /* CineStoreApp.app */,
				29B4CBCA2C7A4B7B00C22C1E /* CineStoreAppTests.xctest */,
				29B4CBD42C7A4B7B00C22C1E /* CineStoreAppUITests.xctest */,
			);
			name = Products;
			sourceTree = "<group>";
		};
		29B4CBBA2C7A4B7A00C22C1E /* CineStoreApp */ = {
			isa = PBXGroup;
			children = (
				29B4CBBB2C7A4B7A00C22C1E /* CineStoreAppApp.swift */,
				29B4CBBD2C7A4B7A00C22C1E /* ContentView.swift */,
				29B4CBBF2C7A4B7A00C22C1E /* Item.swift */,
				29B4CBC12C7A4B7B00C22C1E /* Assets.xcassets */,
				29B4CBC32C7A4B7B00C22C1E /* Preview Content */,
			);
			path = CineStoreApp;
			sourceTree = "<group>";
		};
		29B4CBC32C7A4B7B00C22C1E /* Preview Content */ = {
			isa = PBXGroup;
			children = (
				29B4CBC42C7A4B7B00C22C1E /* Preview Assets.xcassets */,
			);
			path = "Preview Content";
			sourceTree = "<group>";
		};
		29B4CBCD2C7A4B7B00C22C1E /* CineStoreAppTests */ = {
			isa = PBXGroup;
			children = (
				29B4CBCE2C7A4B7B00C22C1E /* CineStoreAppTests.swift */,
			);
			path = CineStoreAppTests;
			sourceTree = "<group>";
		};
		29B4CBD72C7A4B7B00C22C1E /* CineStoreAppUITests */ = {
			isa = PBXGroup;
			children = (
				29B4CBD82C7A4B7B00C22C1E /* CineStoreAppUITests.swift */,
				29B4CBDA2C7A4B7B00C22C1E /* CineStoreAppUITestsLaunchTests.swift */,
			);
			path = CineStoreAppUITests;
			sourceTree = "<group>";
		};
/* End PBXGroup section */

/* Begin PBXNativeTarget section */
		29B4CBB72C7A4B7A00C22C1E /* CineStoreApp */ = {
			isa = PBXNativeTarget;
			buildConfigurationList = 29B4CBDE2C7A4B7C00C22C1E /* Build configuration list for PBXNativeTarget "CineStoreApp" */;
			buildPhases = (
				29B4CBB42C7A4B7A00C22C1E /* Sources */,
				29B4CBB52C7A4B7A00C22C1E /* Frameworks */,
				29B4CBB62C7A4B7A00C22C1E /* Resources */,
			);
			buildRules = (
			);
			dependencies = (
			);
			name = CineStoreApp;
			productName = CineStoreApp;
			productReference = 29B4CBB82C7A4B7A00C22C1E /* CineStoreApp.app */;
			productType = "com.apple.product-type.application";
		};
		29B4CBC92C7A4B7B00C22C1E /* CineStoreAppTests */ = {
			isa = PBXNativeTarget;
			buildConfigurationList = 29B4CBE12C7A4B7C00C22C1E /* Build configuration list for PBXNativeTarget "CineStoreAppTests" */;
			buildPhases = (
				29B4CBC62C7A4B7B00C22C1E /* Sources */,
				29B4CBC72C7A4B7B00C22C1E /* Frameworks */,
				29B4CBC82C7A4B7B00C22C1E /* Resources */,
			);
			buildRules = (
			);
			dependencies = (
				29B4CBCC2C7A4B7B00C22C1E /* PBXTargetDependency */,
			);
			name = CineStoreAppTests;
			productName = CineStoreAppTests;
			productReference = 29B4CBCA2C7A4B7B00C22C1E /* CineStoreAppTests.xctest */;
			productType = "com.apple.product-type.bundle.unit-test";
		};
		29B4CBD32C7A4B7B00C22C1E /* CineStoreAppUITests */ = {
			isa = PBXNativeTarget;
			buildConfigurationList = 29B4CBE42C7A4B7C00C22C1E /* Build configuration list for PBXNativeTarget "CineStoreAppUITests" */;
			buildPhases = (
				29B4CBD02C7A4B7B00C22C1E /* Sources */,
				29B4CBD12C7A4B7B00C22C1E /* Frameworks */,
				29B4CBD22C7A4B7B00C22C1E /* Resources */,
			);
			buildRules = (
			);
			dependencies = (
				29B4CBD62C7A4B7B00C22C1E /* PBXTargetDependency */,
			);
			name = CineStoreAppUITests;
			productName = CineStoreAppUITests;
			productReference = 29B4CBD42C7A4B7B00C22C1E /* CineStoreAppUITests.xctest */;
			productType = "com.apple.product-type.bundle.ui-testing";
		};
/* End PBXNativeTarget section */

/* Begin PBXProject section */
		29B4CBB02C7A4B7A00C22C1E /* Project object */ = {
			isa = PBXProject;
			attributes = {
				BuildIndependentTargetsInParallel = 1;
				LastSwiftUpdateCheck = 1540;
				LastUpgradeCheck = 1540;
				TargetAttributes = {
					29B4CBB72C7A4B7A00C22C1E = {
						CreatedOnToolsVersion = 15.4;
					};
					29B4CBC92C7A4B7B00C22C1E = {
						CreatedOnToolsVersion = 15.4;
						TestTargetID = 29B4CBB72C7A4B7A00C22C1E;
					};
					29B4CBD32C7A4B7B00C22C1E = {
						CreatedOnToolsVersion = 15.4;
						TestTargetID = 29B4CBB72C7A4B7A00C22C1E;
					};
				};
			};
			buildConfigurationList = 29B4CBB32C7A4B7A00C22C1E /* Build configuration list for PBXProject "CineStoreApp" */;
			compatibilityVersion = "Xcode 14.0";
			developmentRegion = en;
			hasScannedForEncodings = 0;
			knownRegions = (
				en,
				Base,
			);
			mainGroup = 29B4CBAF2C7A4B7A00C22C1E;
			productRefGroup = 29B4CBB92C7A4B7A00C22C1E /* Products */;
			projectDirPath = "";
			projectRoot = "";
			targets = (
				29B4CBB72C7A4B7A00C22C1E /* CineStoreApp */,
				29B4CBC92C7A4B7B00C22C1E /* CineStoreAppTests */,
				29B4CBD32C7A4B7B00C22C1E /* CineStoreAppUITests */,
			);
		};
/* End PBXProject section */

/* Begin PBXResourcesBuildPhase section */
		29B4CBB62C7A4B7A00C22C1E /* Resources */ = {
			isa = PBXResourcesBuildPhase;
			buildActionMask = 2147483647;
			files = (
				29B4CBC52C7A4B7B00C22C1E /* Preview Assets.xcassets in Resources */,
				29B4CBC22C7A4B7B00C22C1E /* Assets.xcassets in Resources */,
			);
			runOnlyForDeploymentPostprocessing = 0;
		};
		29B4CBC82C7A4B7B00C22C1E /* Resources */ = {
			isa = PBXResourcesBuildPhase;
			buildActionMask = 2147483647;
			files = (
			);
			runOnlyForDeploymentPostprocessing = 0;
		};
		29B4CBD22C7A4B7B00C22C1E /* Resources */ = {
			isa = PBXResourcesBuildPhase;
			buildActionMask = 2147483647;
			files = (
			);
			runOnlyForDeploymentPostprocessing = 0;
		};
/* End PBXResourcesBuildPhase section */

/* Begin PBXSourcesBuildPhase section */
		29B4CBB42C7A4B7A00C22C1E /* Sources */ = {
			isa = PBXSourcesBuildPhase;
			buildActionMask = 2147483647;
			files = (
				29B4CBBE2C7A4B7A00C22C1E /* ContentView.swift in Sources */,
				29B4CBC02C7A4B7A00C22C1E /* Item.swift in Sources */,
				29B4CBBC2C7A4B7A00C22C1E /* CineStoreAppApp.swift in Sources */,
			);
			runOnlyForDeploymentPostprocessing = 0;
		};
		29B4CBC62C7A4B7B00C22C1E /* Sources */ = {
			isa = PBXSourcesBuildPhase;
			buildActionMask = 2147483647;
			files = (
				29B4CBCF2C7A4B7B00C22C1E /* CineStoreAppTests.swift in Sources */,
			);
			runOnlyForDeploymentPostprocessing = 0;
		};
		29B4CBD02C7A4B7B00C22C1E /* Sources */ = {
			isa = PBXSourcesBuildPhase;
			buildActionMask = 2147483647;
			files = (
				29B4CBD92C7A4B7B00C22C1E /* CineStoreAppUITests.swift in Sources */,
				29B4CBDB2C7A4B7B00C22C1E /* CineStoreAppUITestsLaunchTests.swift in Sources */,
			);
			runOnlyForDeploymentPostprocessing = 0;
		};
/* End PBXSourcesBuildPhase section */

/* Begin PBXTargetDependency section */
		29B4CBCC2C7A4B7B00C22C1E /* PBXTargetDependency */ = {
			isa = PBXTargetDependency;
			target = 29B4CBB72C7A4B7A00C22C1E /* CineStoreApp */;
			targetProxy = 29B4CBCB2C7A4B7B00C22C1E /* PBXContainerItemProxy */;
		};
		29B4CBD62C7A4B7B00C22C1E /* PBXTargetDependency */ = {
			isa = PBXTargetDependency;
			target = 29B4CBB72C7A4B7A00C22C1E /* CineStoreApp */;
			targetProxy = 29B4CBD52C7A4B7B00C22C1E /* PBXContainerItemProxy */;
		};
/* End PBXTargetDependency section */

/* Begin XCBuildConfiguration section */
		29B4CBDC2C7A4B7C00C22C1E /* Debug */ = {
			isa = XCBuildConfiguration;
			buildSettings = {
				ALWAYS_SEARCH_USER_PATHS = NO;
				ASSETCATALOG_COMPILER_GENERATE_SWIFT_ASSET_SYMBOL_EXTENSIONS = YES;
				CLANG_ANALYZER_NONNULL = YES;
				CLANG_ANALYZER_NUMBER_OBJECT_CONVERSION = YES_AGGRESSIVE;
				CLANG_CXX_LANGUAGE_STANDARD = "gnu++20";
				CLANG_ENABLE_MODULES = YES;
				CLANG_ENABLE_OBJC_ARC = YES;
				CLANG_ENABLE_OBJC_WEAK = YES;
				CLANG_WARN_BLOCK_CAPTURE_AUTORELEASING = YES;
				CLANG_WARN_BOOL_CONVERSION = YES;
				CLANG_WARN_COMMA = YES;
				CLANG_WARN_CONSTANT_CONVERSION = YES;
				CLANG_WARN_DEPRECATED_OBJC_IMPLEMENTATIONS = YES;
				CLANG_WARN_DIRECT_OBJC_ISA_USAGE = YES_ERROR;
				CLANG_WARN_DOCUMENTATION_COMMENTS = YES;
				CLANG_WARN_EMPTY_BODY = YES;
				CLANG_WARN_ENUM_CONVERSION = YES;
				CLANG_WARN_INFINITE_RECURSION = YES;
				CLANG_WARN_INT_CONVERSION = YES;
				CLANG_WARN_NON_LITERAL_NULL_CONVERSION = YES;
				CLANG_WARN_OBJC_IMPLICIT_RETAIN_SELF = YES;
				CLANG_WARN_OBJC_LITERAL_CONVERSION = YES;
				CLANG_WARN_OBJC_ROOT_CLASS = YES_ERROR;
				CLANG_WARN_QUOTED_INCLUDE_IN_FRAMEWORK_HEADER = YES;
				CLANG_WARN_RANGE_LOOP_ANALYSIS = YES;
				CLANG_WARN_STRICT_PROTOTYPES = YES;
				CLANG_WARN_SUSPICIOUS_MOVE = YES;
				CLANG_WARN_UNGUARDED_AVAILABILITY = YES_AGGRESSIVE;
				CLANG_WARN_UNREACHABLE_CODE = YES;
				CLANG_WARN__DUPLICATE_METHOD_MATCH = YES;
				COPY_PHASE_STRIP = NO;
				DEBUG_INFORMATION_FORMAT = dwarf;
				ENABLE_STRICT_OBJC_MSGSEND = YES;
				ENABLE_TESTABILITY = YES;
				ENABLE_USER_SCRIPT_SANDBOXING = YES;
				GCC_C_LANGUAGE_STANDARD = gnu17;
				GCC_DYNAMIC_NO_PIC = NO;
				GCC_NO_COMMON_BLOCKS = YES;
				GCC_OPTIMIZATION_LEVEL = 0;
				GCC_PREPROCESSOR_DEFINITIONS = (
					"DEBUG=1",
					"$(inherited)",
				);
				GCC_WARN_64_TO_32_BIT_CONVERSION = YES;
				GCC_WARN_ABOUT_RETURN_TYPE = YES_ERROR;
				GCC_WARN_UNDECLARED_SELECTOR = YES;
				GCC_WARN_UNINITIALIZED_AUTOS = YES_AGGRESSIVE;
				GCC_WARN_UNUSED_FUNCTION = YES;
				GCC_WARN_UNUSED_VARIABLE = YES;
				IPHONEOS_DEPLOYMENT_TARGET = 17.5;
				LOCALIZATION_PREFERS_STRING_CATALOGS = YES;
				MTL_ENABLE_DEBUG_INFO = INCLUDE_SOURCE;
				MTL_FAST_MATH = YES;
				ONLY_ACTIVE_ARCH = YES;
				SDKROOT = iphoneos;
				SWIFT_ACTIVE_COMPILATION_CONDITIONS = "DEBUG $(inherited)";
				SWIFT_OPTIMIZATION_LEVEL = "-Onone";
			};
			name = Debug;
		};
		29B4CBDD2C7A4B7C00C22C1E /* Release */ = {
			isa = XCBuildConfiguration;
			buildSettings = {
				ALWAYS_SEARCH_USER_PATHS = NO;
				ASSETCATALOG_COMPILER_GENERATE_SWIFT_ASSET_SYMBOL_EXTENSIONS = YES;
				CLANG_ANALYZER_NONNULL = YES;
				CLANG_ANALYZER_NUMBER_OBJECT_CONVERSION = YES_AGGRESSIVE;
				CLANG_CXX_LANGUAGE_STANDARD = "gnu++20";
				CLANG_ENABLE_MODULES = YES;
				CLANG_ENABLE_OBJC_ARC = YES;
				CLANG_ENABLE_OBJC_WEAK = YES;
				CLANG_WARN_BLOCK_CAPTURE_AUTORELEASING = YES;
				CLANG_WARN_BOOL_CONVERSION = YES;
				CLANG_WARN_COMMA = YES;
				CLANG_WARN_CONSTANT_CONVERSION = YES;
				CLANG_WARN_DEPRECATED_OBJC_IMPLEMENTATIONS = YES;
				CLANG_WARN_DIRECT_OBJC_ISA_USAGE = YES_ERROR;
				CLANG_WARN_DOCUMENTATION_COMMENTS = YES;
				CLANG_WARN_EMPTY_BODY = YES;
				CLANG_WARN_ENUM_CONVERSION = YES;
				CLANG_WARN_INFINITE_RECURSION = YES;
				CLANG_WARN_INT_CONVERSION = YES;
				CLANG_WARN_NON_LITERAL_NULL_CONVERSION = YES;
				CLANG_WARN_OBJC_IMPLICIT_RETAIN_SELF = YES;
				CLANG_WARN_OBJC_LITERAL_CONVERSION = YES;
				CLANG_WARN_OBJC_ROOT_CLASS = YES_ERROR;
				CLANG_WARN_QUOTED_INCLUDE_IN_FRAMEWORK_HEADER = YES;
				CLANG_WARN_RANGE_LOOP_ANALYSIS = YES;
				CLANG_WARN_STRICT_PROTOTYPES = YES;
				CLANG_WARN_SUSPICIOUS_MOVE = YES;
				CLANG_WARN_UNGUARDED_AVAILABILITY = YES_AGGRESSIVE;
				CLANG_WARN_UNREACHABLE_CODE = YES;
				CLANG_WARN__DUPLICATE_METHOD_MATCH = YES;
				COPY_PHASE_STRIP = NO;
				DEBUG_INFORMATION_FORMAT = "dwarf-with-dsym";
				ENABLE_NS_ASSERTIONS = NO;
				ENABLE_STRICT_OBJC_MSGSEND = YES;
				ENABLE_USER_SCRIPT_SANDBOXING = YES;
				GCC_C_LANGUAGE_STANDARD = gnu17;
				GCC_NO_COMMON_BLOCKS = YES;
				GCC_WARN_64_TO_32_BIT_CONVERSION = YES;
				GCC_WARN_ABOUT_RETURN_TYPE = YES_ERROR;
				GCC_WARN_UNDECLARED_SELECTOR = YES;
				GCC_WARN_UNINITIALIZED_AUTOS = YES_AGGRESSIVE;
				GCC_WARN_UNUSED_FUNCTION = YES;
				GCC_WARN_UNUSED_VARIABLE = YES;
				IPHONEOS_DEPLOYMENT_TARGET = 17.5;
				LOCALIZATION_PREFERS_STRING_CATALOGS = YES;
				MTL_ENABLE_DEBUG_INFO = NO;
				MTL_FAST_MATH = YES;
				SDKROOT = iphoneos;
				SWIFT_COMPILATION_MODE = wholemodule;
				VALIDATE_PRODUCT = YES;
			};
			name = Release;
		};
		29B4CBDF2C7A4B7C00C22C1E /* Debug */ = {
			isa = XCBuildConfiguration;
			buildSettings = {
				ASSETCATALOG_COMPILER_APPICON_NAME = AppIcon;
				ASSETCATALOG_COMPILER_GLOBAL_ACCENT_COLOR_NAME = AccentColor;
				CODE_SIGN_STYLE = Automatic;
				CURRENT_PROJECT_VERSION = 1;
				DEVELOPMENT_ASSET_PATHS = "\"CineStoreApp/Preview Content\"";
				DEVELOPMENT_TEAM = EXPP3WEQKM;
				ENABLE_PREVIEWS = YES;
				GENERATE_INFOPLIST_FILE = YES;
				INFOPLIST_KEY_UIApplicationSceneManifest_Generation = YES;
				INFOPLIST_KEY_UIApplicationSupportsIndirectInputEvents = YES;
				INFOPLIST_KEY_UILaunchScreen_Generation = YES;
				INFOPLIST_KEY_UISupportedInterfaceOrientations_iPad = "UIInterfaceOrientationPortrait UIInterfaceOrientationPortraitUpsideDown UIInterfaceOrientationLandscapeLeft UIInterfaceOrientationLandscapeRight";
				INFOPLIST_KEY_UISupportedInterfaceOrientations_iPhone = "UIInterfaceOrientationPortrait UIInterfaceOrientationLandscapeLeft UIInterfaceOrientationLandscapeRight";
				LD_RUNPATH_SEARCH_PATHS = (
					"$(inherited)",
					"@executable_path/Frameworks",
				);
				MARKETING_VERSION = 1.0;
				PRODUCT_BUNDLE_IDENTIFIER = com.memoherrera.CineStoreApp;
				PRODUCT_NAME = "$(TARGET_NAME)";
				SWIFT_EMIT_LOC_STRINGS = YES;
				SWIFT_VERSION = 5.0;
				TARGETED_DEVICE_FAMILY = "1,2";
			};
			name = Debug;
		};
		29B4CBE02C7A4B7C00C22C1E /* Release */ = {
			isa = XCBuildConfiguration;
			buildSettings = {
				ASSETCATALOG_COMPILER_APPICON_NAME = AppIcon;
				ASSETCATALOG_COMPILER_GLOBAL_ACCENT_COLOR_NAME = AccentColor;
				CODE_SIGN_STYLE = Automatic;
				CURRENT_PROJECT_VERSION = 1;
				DEVELOPMENT_ASSET_PATHS = "\"CineStoreApp/Preview Content\"";
				DEVELOPMENT_TEAM = EXPP3WEQKM;
				ENABLE_PREVIEWS = YES;
				GENERATE_INFOPLIST_FILE = YES;
				INFOPLIST_KEY_UIApplicationSceneManifest_Generation = YES;
				INFOPLIST_KEY_UIApplicationSupportsIndirectInputEvents = YES;
				INFOPLIST_KEY_UILaunchScreen_Generation = YES;
				INFOPLIST_KEY_UISupportedInterfaceOrientations_iPad = "UIInterfaceOrientationPortrait UIInterfaceOrientationPortraitUpsideDown UIInterfaceOrientationLandscapeLeft UIInterfaceOrientationLandscapeRight";
				INFOPLIST_KEY_UISupportedInterfaceOrientations_iPhone = "UIInterfaceOrientationPortrait UIInterfaceOrientationLandscapeLeft UIInterfaceOrientationLandscapeRight";
				LD_RUNPATH_SEARCH_PATHS = (
					"$(inherited)",
					"@executable_path/Frameworks",
				);
				MARKETING_VERSION = 1.0;
				PRODUCT_BUNDLE_IDENTIFIER = com.memoherrera.CineStoreApp;
				PRODUCT_NAME = "$(TARGET_NAME)";
				SWIFT_EMIT_LOC_STRINGS = YES;
				SWIFT_VERSION = 5.0;
				TARGETED_DEVICE_FAMILY = "1,2";
			};
			name = Release;
		};
		29B4CBE22C7A4B7C00C22C1E /* Debug */ = {
			isa = XCBuildConfiguration;
			buildSettings = {
				ALWAYS_EMBED_SWIFT_STANDARD_LIBRARIES = YES;
				BUNDLE_LOADER = "$(TEST_HOST)";
				CODE_SIGN_STYLE = Automatic;
				CURRENT_PROJECT_VERSION = 1;
				DEVELOPMENT_TEAM = EXPP3WEQKM;
				GENERATE_INFOPLIST_FILE = YES;
				IPHONEOS_DEPLOYMENT_TARGET = 17.5;
				MARKETING_VERSION = 1.0;
				PRODUCT_BUNDLE_IDENTIFIER = com.memoherrera.CineStoreAppTests;
				PRODUCT_NAME = "$(TARGET_NAME)";
				SWIFT_EMIT_LOC_STRINGS = NO;
				SWIFT_VERSION = 5.0;
				TARGETED_DEVICE_FAMILY = "1,2";
				TEST_HOST = "$(BUILT_PRODUCTS_DIR)/CineStoreApp.app/$(BUNDLE_EXECUTABLE_FOLDER_PATH)/CineStoreApp";
			};
			name = Debug;
		};
		29B4CBE32C7A4B7C00C22C1E /* Release */ = {
			isa = XCBuildConfiguration;
			buildSettings = {
				ALWAYS_EMBED_SWIFT_STANDARD_LIBRARIES = YES;
				BUNDLE_LOADER = "$(TEST_HOST)";
				CODE_SIGN_STYLE = Automatic;
				CURRENT_PROJECT_VERSION = 1;
				DEVELOPMENT_TEAM = EXPP3WEQKM;
				GENERATE_INFOPLIST_FILE = YES;
				IPHONEOS_DEPLOYMENT_TARGET = 17.5;
				MARKETING_VERSION = 1.0;
				PRODUCT_BUNDLE_IDENTIFIER = com.memoherrera.CineStoreAppTests;
				PRODUCT_NAME = "$(TARGET_NAME)";
				SWIFT_EMIT_LOC_STRINGS = NO;
				SWIFT_VERSION = 5.0;
				TARGETED_DEVICE_FAMILY = "1,2";
				TEST_HOST = "$(BUILT_PRODUCTS_DIR)/CineStoreApp.app/$(BUNDLE_EXECUTABLE_FOLDER_PATH)/CineStoreApp";
			};
			name = Release;
		};
		29B4CBE52C7A4B7C00C22C1E /* Debug */ = {
			isa = XCBuildConfiguration;
			buildSettings = {
				ALWAYS_EMBED_SWIFT_STANDARD_LIBRARIES = YES;
				CODE_SIGN_STYLE = Automatic;
				CURRENT_PROJECT_VERSION = 1;
				DEVELOPMENT_TEAM = EXPP3WEQKM;
				GENERATE_INFOPLIST_FILE = YES;
				MARKETING_VERSION = 1.0;
				PRODUCT_BUNDLE_IDENTIFIER = com.memoherrera.CineStoreAppUITests;
				PRODUCT_NAME = "$(TARGET_NAME)";
				SWIFT_EMIT_LOC_STRINGS = NO;
				SWIFT_VERSION = 5.0;
				TARGETED_DEVICE_FAMILY = "1,2";
				TEST_TARGET_NAME = CineStoreApp;
			};
			name = Debug;
		};
		29B4CBE62C7A4B7C00C22C1E /* Release */ = {
			isa = XCBuildConfiguration;
			buildSettings = {
				ALWAYS_EMBED_SWIFT_STANDARD_LIBRARIES = YES;
				CODE_SIGN_STYLE = Automatic;
				CURRENT_PROJECT_VERSION = 1;
				DEVELOPMENT_TEAM = EXPP3WEQKM;
				GENERATE_INFOPLIST_FILE = YES;
				MARKETING_VERSION = 1.0;
				PRODUCT_BUNDLE_IDENTIFIER = com.memoherrera.CineStoreAppUITests;
				PRODUCT_NAME = "$(TARGET_NAME)";
				SWIFT_EMIT_LOC_STRINGS = NO;
				SWIFT_VERSION = 5.0;
				TARGETED_DEVICE_FAMILY = "1,2";
				TEST_TARGET_NAME = CineStoreApp;
			};
			name = Release;
		};
/* End XCBuildConfiguration section */

/* Begin XCConfigurationList section */
		29B4CBB32C7A4B7A00C22C1E /* Build configuration list for PBXProject "CineStoreApp" */ = {
			isa = XCConfigurationList;
			buildConfigurations = (
				29B4CBDC2C7A4B7C00C22C1E /* Debug */,
				29B4CBDD2C7A4B7C00C22C1E /* Release */,
			);
			defaultConfigurationIsVisible = 0;
			defaultConfigurationName = Release;
		};
		29B4CBDE2C7A4B7C00C22C1E /* Build configuration list for PBXNativeTarget "CineStoreApp" */ = {
			isa = XCConfigurationList;
			buildConfigurations = (
				29B4CBDF2C7A4B7C00C22C1E /* Debug */,
				29B4CBE02C7A4B7C00C22C1E /* Release */,
			);
			defaultConfigurationIsVisible = 0;
			defaultConfigurationName = Release;
		};
		29B4CBE12C7A4B7C00C22C1E /* Build configuration list for PBXNativeTarget "CineStoreAppTests" */ = {
			isa = XCConfigurationList;
			buildConfigurations = (
				29B4CBE22C7A4B7C00C22C1E /* Debug */,
				29B4CBE32C7A4B7C00C22C1E /* Release */,
			);
			defaultConfigurationIsVisible = 0;
			defaultConfigurationName = Release;
		};
		29B4CBE42C7A4B7C00C22C1E /* Build configuration list for PBXNativeTarget "CineStoreAppUITests" */ = {
			isa = XCConfigurationList;
			buildConfigurations = (
				29B4CBE52C7A4B7C00C22C1E /* Debug */,
				29B4CBE62C7A4B7C00C22C1E /* Release */,
			);
			defaultConfigurationIsVisible = 0;
			defaultConfigurationName = Release;
		};
/* End XCConfigurationList section */
	};
	rootObject = 29B4CBB02C7A4B7A00C22C1E /* Project object */;
}
